// !$*UTF8*$!
{
	archiveVersion = 1;
	classes = {
	};
	objectVersion = 55;
	objects = {

/* Begin PBXBuildFile section */
		8FAA3101DD5ECDD2B010BE19 /* Pods_DormitoryDelivery.framework in Frameworks */ = {isa = PBXBuildFile; fileRef = DB9BB18865200D5B94F75300 /* Pods_DormitoryDelivery.framework */; };
		DA065EE127C7A7E3000CB175 /* PostMenuDelete.swift in Sources */ = {isa = PBXBuildFile; fileRef = DA065EE027C7A7E3000CB175 /* PostMenuDelete.swift */; };
		DA06DE5627D1ED270025F0D0 /* TokenKeyChain.swift in Sources */ = {isa = PBXBuildFile; fileRef = DA06DE5527D1ED270025F0D0 /* TokenKeyChain.swift */; };
		DA12BE7227613BE800C08143 /* ChattingView.swift in Sources */ = {isa = PBXBuildFile; fileRef = DA12BE7127613BE800C08143 /* ChattingView.swift */; };
		DA12BE7627613C1A00C08143 /* bubble.swift in Sources */ = {isa = PBXBuildFile; fileRef = DA12BE7527613C1A00C08143 /* bubble.swift */; };
		DA12BE7A276156A300C08143 /* OrderView.swift in Sources */ = {isa = PBXBuildFile; fileRef = DA12BE79276156A300C08143 /* OrderView.swift */; };
		DA294AF42822378300188C84 /* getVoteVaild.swift in Sources */ = {isa = PBXBuildFile; fileRef = DA294AF32822378300188C84 /* getVoteVaild.swift */; };
		DA294AF62822416B00188C84 /* VoteView.swift in Sources */ = {isa = PBXBuildFile; fileRef = DA294AF52822416B00188C84 /* VoteView.swift */; };
		DA294AF82829153200188C84 /* ResetView.swift in Sources */ = {isa = PBXBuildFile; fileRef = DA294AF72829153200188C84 /* ResetView.swift */; };
		DA294AFA282A062700188C84 /* photoTest.swift in Sources */ = {isa = PBXBuildFile; fileRef = DA294AF9282A062700188C84 /* photoTest.swift */; };
		DA294B0D282A4FFB00188C84 /* PhotoLibraryPicker.swift in Sources */ = {isa = PBXBuildFile; fileRef = DA294B0C282A4FFB00188C84 /* PhotoLibraryPicker.swift */; };
		DA294B0F282CBB8000188C84 /* ImageSlider.swift in Sources */ = {isa = PBXBuildFile; fileRef = DA294B0E282CBB8000188C84 /* ImageSlider.swift */; };
		DA294B112834C66B00188C84 /* textview.swift in Sources */ = {isa = PBXBuildFile; fileRef = DA294B102834C66B00188C84 /* textview.swift */; };
		DA294B132834C6D300188C84 /* MessageView.swift in Sources */ = {isa = PBXBuildFile; fileRef = DA294B122834C6D300188C84 /* MessageView.swift */; };
		DA2ACF7427A6EA28005939F0 /* postOrderDone.swift in Sources */ = {isa = PBXBuildFile; fileRef = DA2ACF7327A6EA28005939F0 /* postOrderDone.swift */; };
		DA2ACF7627A729C8005939F0 /* getChatLog.swift in Sources */ = {isa = PBXBuildFile; fileRef = DA2ACF7527A729C8005939F0 /* getChatLog.swift */; };
		DA2ACF7827A730ED005939F0 /* getKick.swift in Sources */ = {isa = PBXBuildFile; fileRef = DA2ACF7727A730ED005939F0 /* getKick.swift */; };
		DA2ACF7A27A7387D005939F0 /* postVoteKick.swift in Sources */ = {isa = PBXBuildFile; fileRef = DA2ACF7927A7387D005939F0 /* postVoteKick.swift */; };
		DA2ACF7C27A73952005939F0 /* postVoteReset.swift in Sources */ = {isa = PBXBuildFile; fileRef = DA2ACF7B27A73952005939F0 /* postVoteReset.swift */; };
		DA2DFC5B28D84C210025FCAE /* ReportView.swift in Sources */ = {isa = PBXBuildFile; fileRef = DA2DFC5A28D84C210025FCAE /* ReportView.swift */; };
		DA3B03F127AFD84000FA9923 /* CombineTest.swift in Sources */ = {isa = PBXBuildFile; fileRef = DA3B03F027AFD84000FA9923 /* CombineTest.swift */; };
		DA3C0177279ED5510090202E /* postOderFix.swift in Sources */ = {isa = PBXBuildFile; fileRef = DA3C0176279ED5510090202E /* postOderFix.swift */; };
		DA3C0179279EE5C90090202E /* OrderCheckView.swift in Sources */ = {isa = PBXBuildFile; fileRef = DA3C0178279EE5C90090202E /* OrderCheckView.swift */; };
		DA3C017B279EED000090202E /* ImagePicker.swift in Sources */ = {isa = PBXBuildFile; fileRef = DA3C017A279EED000090202E /* ImagePicker.swift */; };
		DA3C017D279F1BBE0090202E /* OrderListCard.swift in Sources */ = {isa = PBXBuildFile; fileRef = DA3C017C279F1BBE0090202E /* OrderListCard.swift */; };
		DA3C017F279F38380090202E /* KeyBoardState.swift in Sources */ = {isa = PBXBuildFile; fileRef = DA3C017E279F38380090202E /* KeyBoardState.swift */; };
		DA4D2D1E27422FE300678FA8 /* DormitoryDeliveryApp.swift in Sources */ = {isa = PBXBuildFile; fileRef = DA4D2D1D27422FE300678FA8 /* DormitoryDeliveryApp.swift */; };
		DA4D2D2027422FE300678FA8 /* ContentView.swift in Sources */ = {isa = PBXBuildFile; fileRef = DA4D2D1F27422FE300678FA8 /* ContentView.swift */; };
		DA4D2D2527422FE500678FA8 /* Preview Assets.xcassets in Resources */ = {isa = PBXBuildFile; fileRef = DA4D2D2427422FE500678FA8 /* Preview Assets.xcassets */; };
		DA4D2D2C2742306300678FA8 /* AppDelegate.swift in Sources */ = {isa = PBXBuildFile; fileRef = DA4D2D2B2742306300678FA8 /* AppDelegate.swift */; };
		DA4D2D2E2742309500678FA8 /* Launch Screen.storyboard in Resources */ = {isa = PBXBuildFile; fileRef = DA4D2D2D2742309500678FA8 /* Launch Screen.storyboard */; };
		DA4D2D362742378400678FA8 /* TabViews.swift in Sources */ = {isa = PBXBuildFile; fileRef = DA4D2D352742378400678FA8 /* TabViews.swift */; };
		DA518AD32798F70F00291CA0 /* CreateRoom.swift in Sources */ = {isa = PBXBuildFile; fileRef = DA518AD22798F70F00291CA0 /* CreateRoom.swift */; };
		DA518AD5279916FD00291CA0 /* RoomDetail.swift in Sources */ = {isa = PBXBuildFile; fileRef = DA518AD4279916FD00291CA0 /* RoomDetail.swift */; };
		DA518AD7279D798600291CA0 /* ChatSideMenu.swift in Sources */ = {isa = PBXBuildFile; fileRef = DA518AD6279D798600291CA0 /* ChatSideMenu.swift */; };
		DA518ADB279D965400291CA0 /* getRoomLeave.swift in Sources */ = {isa = PBXBuildFile; fileRef = DA518ADA279D965400291CA0 /* getRoomLeave.swift */; };
		DA518ADD279DE60900291CA0 /* postAddMenu.swift in Sources */ = {isa = PBXBuildFile; fileRef = DA518ADC279DE60900291CA0 /* postAddMenu.swift */; };
		DA518ADF279DE84300291CA0 /* Order.swift in Sources */ = {isa = PBXBuildFile; fileRef = DA518ADE279DE84300291CA0 /* Order.swift */; };
		DA518AE1279DECB300291CA0 /* OrderListView.swift in Sources */ = {isa = PBXBuildFile; fileRef = DA518AE0279DECB300291CA0 /* OrderListView.swift */; };
		DA518AE3279DED4000291CA0 /* getMenuList.swift in Sources */ = {isa = PBXBuildFile; fileRef = DA518AE2279DED4000291CA0 /* getMenuList.swift */; };
		DA518AE5279DF04500291CA0 /* getReady.swift in Sources */ = {isa = PBXBuildFile; fileRef = DA518AE4279DF04500291CA0 /* getReady.swift */; };
		DA62FEAE27C7A1CC002B0E4C /* BlackHanSans-Regular.ttf in Resources */ = {isa = PBXBuildFile; fileRef = DA62FEAD27C7A1CC002B0E4C /* BlackHanSans-Regular.ttf */; };
		DA6829E927A007B9008F53BB /* postOrderCheck.swift in Sources */ = {isa = PBXBuildFile; fileRef = DA6829E827A007B9008F53BB /* postOrderCheck.swift */; };
		DA6829EB27A00C01008F53BB /* ReceiptView.swift in Sources */ = {isa = PBXBuildFile; fileRef = DA6829EA27A00C01008F53BB /* ReceiptView.swift */; };
		DA6829ED27A0B170008F53BB /* getMenus.swift in Sources */ = {isa = PBXBuildFile; fileRef = DA6829EC27A0B170008F53BB /* getMenus.swift */; };
		DA6829F127A0DE5C008F53BB /* postMenuEdit.swift in Sources */ = {isa = PBXBuildFile; fileRef = DA6829F027A0DE5C008F53BB /* postMenuEdit.swift */; };
		DA85783627D3476400C0F695 /* GoogleService-Info.plist in Resources */ = {isa = PBXBuildFile; fileRef = DA85783527D3476400C0F695 /* GoogleService-Info.plist */; };
		DA85783D27D34CA000C0F695 /* GoogleService-Info_Debug.plist in Resources */ = {isa = PBXBuildFile; fileRef = DA85783C27D34CA000C0F695 /* GoogleService-Info_Debug.plist */; };
		DA85E9F628067C230027A4B6 /* HelpView.swift in Sources */ = {isa = PBXBuildFile; fileRef = DA85E9F528067C230027A4B6 /* HelpView.swift */; };
		DA85E9F8280D5B6D0027A4B6 /* File.swift in Sources */ = {isa = PBXBuildFile; fileRef = DA85E9F7280D5B6D0027A4B6 /* File.swift */; };
		DA8837AA275BC81C0034481F /* Assets.xcassets in Resources */ = {isa = PBXBuildFile; fileRef = DA4D2D2127422FE500678FA8 /* Assets.xcassets */; };
		DAAB680127A2DC7700B18B78 /* AlertOneButton.swift in Sources */ = {isa = PBXBuildFile; fileRef = DAAB680027A2DC7700B18B78 /* AlertOneButton.swift */; };
		DAAB680827A4434C00B18B78 /* CategoryView.swift in Sources */ = {isa = PBXBuildFile; fileRef = DAAB680727A4434C00B18B78 /* CategoryView.swift */; };
		DAABCBB228C8734600F8244E /* NicknameCreateView.swift in Sources */ = {isa = PBXBuildFile; fileRef = DAABCBB128C8734600F8244E /* NicknameCreateView.swift */; };
		DAB1CF4128E375F400B66468 /* NeedEmail.swift in Sources */ = {isa = PBXBuildFile; fileRef = DAB1CF4028E375F400B66468 /* NeedEmail.swift */; };
		DAB5E98C274364BC00EF5B6A /* Signup.swift in Sources */ = {isa = PBXBuildFile; fileRef = DAB5E98B274364BC00EF5B6A /* Signup.swift */; };
		DAB5E99027436B9B00EF5B6A /* DeliveryView.swift in Sources */ = {isa = PBXBuildFile; fileRef = DAB5E98F27436B9B00EF5B6A /* DeliveryView.swift */; };
		DAB5E9942743906400EF5B6A /* RoomCard.swift in Sources */ = {isa = PBXBuildFile; fileRef = DAB5E9932743906400EF5B6A /* RoomCard.swift */; };
		DABCB9DB27AAFE5B002F27B6 /* getRooms.swift in Sources */ = {isa = PBXBuildFile; fileRef = DABCB9DA27AAFE5B002F27B6 /* getRooms.swift */; };
		DABCFE5D2743ACCF00B89781 /* MyPage.swift in Sources */ = {isa = PBXBuildFile; fileRef = DABCFE5C2743ACCF00B89781 /* MyPage.swift */; };
		DABCFE632743B0F500B89781 /* CreateRoomView.swift in Sources */ = {isa = PBXBuildFile; fileRef = DABCFE622743B0F500B89781 /* CreateRoomView.swift */; };
		DAC252D2275B4E0100EA2BFD /* LoginView.swift in Sources */ = {isa = PBXBuildFile; fileRef = DAC252D1275B4E0100EA2BFD /* LoginView.swift */; };
		DAC252D8275B4EC800EA2BFD /* NaverLogin.swift in Sources */ = {isa = PBXBuildFile; fileRef = DAC252D7275B4EC800EA2BFD /* NaverLogin.swift */; };
		DAC252DA275B551B00EA2BFD /* Loading.swift in Sources */ = {isa = PBXBuildFile; fileRef = DAC252D9275B551B00EA2BFD /* Loading.swift */; };
		DAC45266275F522B00D05BB0 /* ChatDB.swift in Sources */ = {isa = PBXBuildFile; fileRef = DAC45265275F522B00D05BB0 /* ChatDB.swift */; };
		DAC45273275FEAAF00D05BB0 /* getRoomJoin.swift in Sources */ = {isa = PBXBuildFile; fileRef = DAC45272275FEAAF00D05BB0 /* getRoomJoin.swift */; };
		DAC45275275FEBA400D05BB0 /* postCreateRoom.swift in Sources */ = {isa = PBXBuildFile; fileRef = DAC45274275FEBA400D05BB0 /* postCreateRoom.swift */; };
		DAC4528027601EF200D05BB0 /* ChatCard.swift in Sources */ = {isa = PBXBuildFile; fileRef = DAC4527F27601EF200D05BB0 /* ChatCard.swift */; };
		DAC4528427603A5400D05BB0 /* HashTag.swift in Sources */ = {isa = PBXBuildFile; fileRef = DAC4528327603A5400D05BB0 /* HashTag.swift */; };
		DAC4ABA127A7530B00D6C7C4 /* Message.swift in Sources */ = {isa = PBXBuildFile; fileRef = DAC4ABA027A7530B00D6C7C4 /* Message.swift */; };
		DAC4ABA527A8CAAD00D6C7C4 /* Receipt.swift in Sources */ = {isa = PBXBuildFile; fileRef = DAC4ABA427A8CAAD00D6C7C4 /* Receipt.swift */; };
		DAC4ABA727A8CAE000D6C7C4 /* OrderList.swift in Sources */ = {isa = PBXBuildFile; fileRef = DAC4ABA627A8CAE000D6C7C4 /* OrderList.swift */; };
		DAC4ABA927A8CB3600D6C7C4 /* OrderCheck.swift in Sources */ = {isa = PBXBuildFile; fileRef = DAC4ABA827A8CB3600D6C7C4 /* OrderCheck.swift */; };
		DAC4ABAD27A8CC4D00D6C7C4 /* Chatting.swift in Sources */ = {isa = PBXBuildFile; fileRef = DAC4ABAC27A8CC4D00D6C7C4 /* Chatting.swift */; };
		DAC4ABB127A8D3A200D6C7C4 /* Room.swift in Sources */ = {isa = PBXBuildFile; fileRef = DAC4ABB027A8D3A200D6C7C4 /* Room.swift */; };
		DAC4ABB527A9029C00D6C7C4 /* Navi.swift in Sources */ = {isa = PBXBuildFile; fileRef = DAC4ABB427A9029C00D6C7C4 /* Navi.swift */; };
		DACEE49927BA1396003A8AA3 /* EmailCheckView.swift in Sources */ = {isa = PBXBuildFile; fileRef = DACEE49827BA1396003A8AA3 /* EmailCheckView.swift */; };
		DACEE49B27BA1FD7003A8AA3 /* EmailCertificationNumberView.swift in Sources */ = {isa = PBXBuildFile; fileRef = DACEE49A27BA1FD7003A8AA3 /* EmailCertificationNumberView.swift */; };
		DACEE49D27BA57DB003A8AA3 /* AccountView.swift in Sources */ = {isa = PBXBuildFile; fileRef = DACEE49C27BA57DB003A8AA3 /* AccountView.swift */; };
		DACEE49F27BA5AF5003A8AA3 /* AccountAddView.swift in Sources */ = {isa = PBXBuildFile; fileRef = DACEE49E27BA5AF5003A8AA3 /* AccountAddView.swift */; };
		DACEE4A127BB69C0003A8AA3 /* TOSView.swift in Sources */ = {isa = PBXBuildFile; fileRef = DACEE4A027BB69C0003A8AA3 /* TOSView.swift */; };
		DACEE4A327BB6A31003A8AA3 /* WithdrawalView.swift in Sources */ = {isa = PBXBuildFile; fileRef = DACEE4A227BB6A31003A8AA3 /* WithdrawalView.swift */; };
		DACEE4A527BB6DD0003A8AA3 /* NotificationView.swift in Sources */ = {isa = PBXBuildFile; fileRef = DACEE4A427BB6DD0003A8AA3 /* NotificationView.swift */; };
		DACEE4A927C38368003A8AA3 /* getUniversity.swift in Sources */ = {isa = PBXBuildFile; fileRef = DACEE4A827C38368003A8AA3 /* getUniversity.swift */; };
		DACEE4AB27C384D9003A8AA3 /* EmailCheck.swift in Sources */ = {isa = PBXBuildFile; fileRef = DACEE4AA27C384D9003A8AA3 /* EmailCheck.swift */; };
		DAD23A6E27A6B8680094991C /* NetworkConnectionCheck.swift in Sources */ = {isa = PBXBuildFile; fileRef = DAD23A6D27A6B8680094991C /* NetworkConnectionCheck.swift */; };
		DAD3437328054D0F0099DDB7 /* PrivacyPoliceView.swift in Sources */ = {isa = PBXBuildFile; fileRef = DAD3437228054D0F0099DDB7 /* PrivacyPoliceView.swift */; };
		DADDCCEE28A0FD5F00542C72 /* ErrorAlertView.swift in Sources */ = {isa = PBXBuildFile; fileRef = DADDCCED28A0FD5F00542C72 /* ErrorAlertView.swift */; };
		DADDCCF128A0FDC900542C72 /* appVaildCheck.swift in Sources */ = {isa = PBXBuildFile; fileRef = DADDCCF028A0FDC900542C72 /* appVaildCheck.swift */; };
		DADDCCF528A0FE3100542C72 /* Extension.swift in Sources */ = {isa = PBXBuildFile; fileRef = DADDCCF428A0FE3100542C72 /* Extension.swift */; };
		DAE945272746560E000C8D3D /* SocketIOManager.swift in Sources */ = {isa = PBXBuildFile; fileRef = DAE945262746560E000C8D3D /* SocketIOManager.swift */; };
		DAF616D8275E3FE50011C508 /* getRoomDetail.swift in Sources */ = {isa = PBXBuildFile; fileRef = DAF616D7275E3FE50011C508 /* getRoomDetail.swift */; };
		DAFF71C5275D58C500A45D29 /* ChatData.swift in Sources */ = {isa = PBXBuildFile; fileRef = DAFF71C4275D58C500A45D29 /* ChatData.swift */; };
		DAFF71C7275D593300A45D29 /* ChatView.swift in Sources */ = {isa = PBXBuildFile; fileRef = DAFF71C6275D593300A45D29 /* ChatView.swift */; };
		DAFF71D1275D5FF900A45D29 /* SectionCategoryData.swift in Sources */ = {isa = PBXBuildFile; fileRef = DAFF71D0275D5FF900A45D29 /* SectionCategoryData.swift */; };
		DAFF71D3275D60D600A45D29 /* RoomDetailView.swift in Sources */ = {isa = PBXBuildFile; fileRef = DAFF71D2275D60D600A45D29 /* RoomDetailView.swift */; };
		DAFF71D5275DBEE900A45D29 /* ServerUrl.swift in Sources */ = {isa = PBXBuildFile; fileRef = DAFF71D4275DBEE900A45D29 /* ServerUrl.swift */; };
		DAFF71D7275DD50200A45D29 /* DateCheck.swift in Sources */ = {isa = PBXBuildFile; fileRef = DAFF71D6275DD50200A45D29 /* DateCheck.swift */; };
/* End PBXBuildFile section */

/* Begin PBXFileReference section */
		25122BC202D697FFA306DD7E /* Pods-DormitoryDelivery.debug.xcconfig */ = {isa = PBXFileReference; includeInIndex = 1; lastKnownFileType = text.xcconfig; name = "Pods-DormitoryDelivery.debug.xcconfig"; path = "Target Support Files/Pods-DormitoryDelivery/Pods-DormitoryDelivery.debug.xcconfig"; sourceTree = "<group>"; };
		DA065EE027C7A7E3000CB175 /* PostMenuDelete.swift */ = {isa = PBXFileReference; lastKnownFileType = sourcecode.swift; path = PostMenuDelete.swift; sourceTree = "<group>"; };
		DA06DE5527D1ED270025F0D0 /* TokenKeyChain.swift */ = {isa = PBXFileReference; lastKnownFileType = sourcecode.swift; path = TokenKeyChain.swift; sourceTree = "<group>"; };
		DA12BE7127613BE800C08143 /* ChattingView.swift */ = {isa = PBXFileReference; lastKnownFileType = sourcecode.swift; path = ChattingView.swift; sourceTree = "<group>"; };
		DA12BE7527613C1A00C08143 /* bubble.swift */ = {isa = PBXFileReference; lastKnownFileType = sourcecode.swift; path = bubble.swift; sourceTree = "<group>"; };
		DA12BE79276156A300C08143 /* OrderView.swift */ = {isa = PBXFileReference; lastKnownFileType = sourcecode.swift; path = OrderView.swift; sourceTree = "<group>"; };
		DA294AF32822378300188C84 /* getVoteVaild.swift */ = {isa = PBXFileReference; lastKnownFileType = sourcecode.swift; path = getVoteVaild.swift; sourceTree = "<group>"; };
		DA294AF52822416B00188C84 /* VoteView.swift */ = {isa = PBXFileReference; lastKnownFileType = sourcecode.swift; path = VoteView.swift; sourceTree = "<group>"; };
		DA294AF72829153200188C84 /* ResetView.swift */ = {isa = PBXFileReference; lastKnownFileType = sourcecode.swift; path = ResetView.swift; sourceTree = "<group>"; };
		DA294AF9282A062700188C84 /* photoTest.swift */ = {isa = PBXFileReference; lastKnownFileType = sourcecode.swift; path = photoTest.swift; sourceTree = "<group>"; };
		DA294B0C282A4FFB00188C84 /* PhotoLibraryPicker.swift */ = {isa = PBXFileReference; lastKnownFileType = sourcecode.swift; path = PhotoLibraryPicker.swift; sourceTree = "<group>"; };
		DA294B0E282CBB8000188C84 /* ImageSlider.swift */ = {isa = PBXFileReference; lastKnownFileType = sourcecode.swift; path = ImageSlider.swift; sourceTree = "<group>"; };
		DA294B102834C66B00188C84 /* textview.swift */ = {isa = PBXFileReference; lastKnownFileType = sourcecode.swift; path = textview.swift; sourceTree = "<group>"; };
		DA294B122834C6D300188C84 /* MessageView.swift */ = {isa = PBXFileReference; lastKnownFileType = sourcecode.swift; path = MessageView.swift; sourceTree = "<group>"; };
		DA2ACF7327A6EA28005939F0 /* postOrderDone.swift */ = {isa = PBXFileReference; lastKnownFileType = sourcecode.swift; path = postOrderDone.swift; sourceTree = "<group>"; };
		DA2ACF7527A729C8005939F0 /* getChatLog.swift */ = {isa = PBXFileReference; lastKnownFileType = sourcecode.swift; path = getChatLog.swift; sourceTree = "<group>"; };
		DA2ACF7727A730ED005939F0 /* getKick.swift */ = {isa = PBXFileReference; lastKnownFileType = sourcecode.swift; path = getKick.swift; sourceTree = "<group>"; };
		DA2ACF7927A7387D005939F0 /* postVoteKick.swift */ = {isa = PBXFileReference; lastKnownFileType = sourcecode.swift; path = postVoteKick.swift; sourceTree = "<group>"; };
		DA2ACF7B27A73952005939F0 /* postVoteReset.swift */ = {isa = PBXFileReference; lastKnownFileType = sourcecode.swift; path = postVoteReset.swift; sourceTree = "<group>"; };
		DA2DFC5A28D84C210025FCAE /* ReportView.swift */ = {isa = PBXFileReference; lastKnownFileType = sourcecode.swift; path = ReportView.swift; sourceTree = "<group>"; };
		DA3B03F027AFD84000FA9923 /* CombineTest.swift */ = {isa = PBXFileReference; lastKnownFileType = sourcecode.swift; path = CombineTest.swift; sourceTree = "<group>"; };
		DA3C0176279ED5510090202E /* postOderFix.swift */ = {isa = PBXFileReference; lastKnownFileType = sourcecode.swift; path = postOderFix.swift; sourceTree = "<group>"; };
		DA3C0178279EE5C90090202E /* OrderCheckView.swift */ = {isa = PBXFileReference; lastKnownFileType = sourcecode.swift; path = OrderCheckView.swift; sourceTree = "<group>"; };
		DA3C017A279EED000090202E /* ImagePicker.swift */ = {isa = PBXFileReference; lastKnownFileType = sourcecode.swift; path = ImagePicker.swift; sourceTree = "<group>"; };
		DA3C017C279F1BBE0090202E /* OrderListCard.swift */ = {isa = PBXFileReference; lastKnownFileType = sourcecode.swift; path = OrderListCard.swift; sourceTree = "<group>"; };
		DA3C017E279F38380090202E /* KeyBoardState.swift */ = {isa = PBXFileReference; lastKnownFileType = sourcecode.swift; path = KeyBoardState.swift; sourceTree = "<group>"; };
		DA4D2D1A27422FE300678FA8 /* DormitoryDelivery.app */ = {isa = PBXFileReference; explicitFileType = wrapper.application; includeInIndex = 0; path = DormitoryDelivery.app; sourceTree = BUILT_PRODUCTS_DIR; };
		DA4D2D1D27422FE300678FA8 /* DormitoryDeliveryApp.swift */ = {isa = PBXFileReference; lastKnownFileType = sourcecode.swift; path = DormitoryDeliveryApp.swift; sourceTree = "<group>"; };
		DA4D2D1F27422FE300678FA8 /* ContentView.swift */ = {isa = PBXFileReference; lastKnownFileType = sourcecode.swift; path = ContentView.swift; sourceTree = "<group>"; };
		DA4D2D2127422FE500678FA8 /* Assets.xcassets */ = {isa = PBXFileReference; lastKnownFileType = folder.assetcatalog; name = Assets.xcassets; path = DormitoryDelivery/Assets.xcassets; sourceTree = SOURCE_ROOT; };
		DA4D2D2427422FE500678FA8 /* Preview Assets.xcassets */ = {isa = PBXFileReference; lastKnownFileType = folder.assetcatalog; path = "Preview Assets.xcassets"; sourceTree = "<group>"; };
		DA4D2D2B2742306300678FA8 /* AppDelegate.swift */ = {isa = PBXFileReference; lastKnownFileType = sourcecode.swift; path = AppDelegate.swift; sourceTree = "<group>"; };
		DA4D2D2D2742309500678FA8 /* Launch Screen.storyboard */ = {isa = PBXFileReference; lastKnownFileType = file.storyboard; path = "Launch Screen.storyboard"; sourceTree = "<group>"; };
		DA4D2D352742378400678FA8 /* TabViews.swift */ = {isa = PBXFileReference; lastKnownFileType = sourcecode.swift; path = TabViews.swift; sourceTree = "<group>"; };
		DA518AD22798F70F00291CA0 /* CreateRoom.swift */ = {isa = PBXFileReference; lastKnownFileType = sourcecode.swift; path = CreateRoom.swift; sourceTree = "<group>"; };
		DA518AD4279916FD00291CA0 /* RoomDetail.swift */ = {isa = PBXFileReference; lastKnownFileType = sourcecode.swift; path = RoomDetail.swift; sourceTree = "<group>"; };
		DA518AD6279D798600291CA0 /* ChatSideMenu.swift */ = {isa = PBXFileReference; lastKnownFileType = sourcecode.swift; path = ChatSideMenu.swift; sourceTree = "<group>"; };
		DA518ADA279D965400291CA0 /* getRoomLeave.swift */ = {isa = PBXFileReference; lastKnownFileType = sourcecode.swift; path = getRoomLeave.swift; sourceTree = "<group>"; };
		DA518ADC279DE60900291CA0 /* postAddMenu.swift */ = {isa = PBXFileReference; lastKnownFileType = sourcecode.swift; path = postAddMenu.swift; sourceTree = "<group>"; };
		DA518ADE279DE84300291CA0 /* Order.swift */ = {isa = PBXFileReference; lastKnownFileType = sourcecode.swift; path = Order.swift; sourceTree = "<group>"; };
		DA518AE0279DECB300291CA0 /* OrderListView.swift */ = {isa = PBXFileReference; lastKnownFileType = sourcecode.swift; path = OrderListView.swift; sourceTree = "<group>"; };
		DA518AE2279DED4000291CA0 /* getMenuList.swift */ = {isa = PBXFileReference; lastKnownFileType = sourcecode.swift; path = getMenuList.swift; sourceTree = "<group>"; };
		DA518AE4279DF04500291CA0 /* getReady.swift */ = {isa = PBXFileReference; lastKnownFileType = sourcecode.swift; path = getReady.swift; sourceTree = "<group>"; };
		DA62FEAD27C7A1CC002B0E4C /* BlackHanSans-Regular.ttf */ = {isa = PBXFileReference; lastKnownFileType = file; path = "BlackHanSans-Regular.ttf"; sourceTree = "<group>"; };
		DA6829E827A007B9008F53BB /* postOrderCheck.swift */ = {isa = PBXFileReference; lastKnownFileType = sourcecode.swift; path = postOrderCheck.swift; sourceTree = "<group>"; };
		DA6829EA27A00C01008F53BB /* ReceiptView.swift */ = {isa = PBXFileReference; lastKnownFileType = sourcecode.swift; path = ReceiptView.swift; sourceTree = "<group>"; };
		DA6829EC27A0B170008F53BB /* getMenus.swift */ = {isa = PBXFileReference; lastKnownFileType = sourcecode.swift; path = getMenus.swift; sourceTree = "<group>"; };
		DA6829F027A0DE5C008F53BB /* postMenuEdit.swift */ = {isa = PBXFileReference; lastKnownFileType = sourcecode.swift; path = postMenuEdit.swift; sourceTree = "<group>"; };
		DA85783527D3476400C0F695 /* GoogleService-Info.plist */ = {isa = PBXFileReference; fileEncoding = 4; lastKnownFileType = text.plist.xml; path = "GoogleService-Info.plist"; sourceTree = "<group>"; };
		DA85783C27D34CA000C0F695 /* GoogleService-Info_Debug.plist */ = {isa = PBXFileReference; fileEncoding = 4; lastKnownFileType = text.plist.xml; path = "GoogleService-Info_Debug.plist"; sourceTree = "<group>"; };
		DA85E9F528067C230027A4B6 /* HelpView.swift */ = {isa = PBXFileReference; lastKnownFileType = sourcecode.swift; path = HelpView.swift; sourceTree = "<group>"; };
		DA85E9F7280D5B6D0027A4B6 /* File.swift */ = {isa = PBXFileReference; lastKnownFileType = sourcecode.swift; path = File.swift; sourceTree = "<group>"; };
		DAAB680027A2DC7700B18B78 /* AlertOneButton.swift */ = {isa = PBXFileReference; lastKnownFileType = sourcecode.swift; path = AlertOneButton.swift; sourceTree = "<group>"; };
		DAAB680727A4434C00B18B78 /* CategoryView.swift */ = {isa = PBXFileReference; lastKnownFileType = sourcecode.swift; path = CategoryView.swift; sourceTree = "<group>"; };
		DAABCBB128C8734600F8244E /* NicknameCreateView.swift */ = {isa = PBXFileReference; lastKnownFileType = sourcecode.swift; path = NicknameCreateView.swift; sourceTree = "<group>"; };
		DAB1CF4028E375F400B66468 /* NeedEmail.swift */ = {isa = PBXFileReference; lastKnownFileType = sourcecode.swift; path = NeedEmail.swift; sourceTree = "<group>"; };
		DAB5E98B274364BC00EF5B6A /* Signup.swift */ = {isa = PBXFileReference; lastKnownFileType = sourcecode.swift; path = Signup.swift; sourceTree = "<group>"; };
		DAB5E98F27436B9B00EF5B6A /* DeliveryView.swift */ = {isa = PBXFileReference; lastKnownFileType = sourcecode.swift; path = DeliveryView.swift; sourceTree = "<group>"; };
		DAB5E9932743906400EF5B6A /* RoomCard.swift */ = {isa = PBXFileReference; lastKnownFileType = sourcecode.swift; path = RoomCard.swift; sourceTree = "<group>"; };
		DABCB9DA27AAFE5B002F27B6 /* getRooms.swift */ = {isa = PBXFileReference; lastKnownFileType = sourcecode.swift; path = getRooms.swift; sourceTree = "<group>"; };
		DABCB9E027ABEFD4002F27B6 /* DormitoryDelivery.entitlements */ = {isa = PBXFileReference; lastKnownFileType = text.plist.entitlements; path = DormitoryDelivery.entitlements; sourceTree = "<group>"; };
		DABCFE5C2743ACCF00B89781 /* MyPage.swift */ = {isa = PBXFileReference; lastKnownFileType = sourcecode.swift; path = MyPage.swift; sourceTree = "<group>"; };
		DABCFE622743B0F500B89781 /* CreateRoomView.swift */ = {isa = PBXFileReference; lastKnownFileType = sourcecode.swift; path = CreateRoomView.swift; sourceTree = "<group>"; };
		DAC252D1275B4E0100EA2BFD /* LoginView.swift */ = {isa = PBXFileReference; lastKnownFileType = sourcecode.swift; path = LoginView.swift; sourceTree = "<group>"; };
		DAC252D7275B4EC800EA2BFD /* NaverLogin.swift */ = {isa = PBXFileReference; lastKnownFileType = sourcecode.swift; path = NaverLogin.swift; sourceTree = "<group>"; };
		DAC252D9275B551B00EA2BFD /* Loading.swift */ = {isa = PBXFileReference; lastKnownFileType = sourcecode.swift; path = Loading.swift; sourceTree = "<group>"; };
		DAC45265275F522B00D05BB0 /* ChatDB.swift */ = {isa = PBXFileReference; lastKnownFileType = sourcecode.swift; path = ChatDB.swift; sourceTree = "<group>"; };
		DAC45272275FEAAF00D05BB0 /* getRoomJoin.swift */ = {isa = PBXFileReference; lastKnownFileType = sourcecode.swift; path = getRoomJoin.swift; sourceTree = "<group>"; };
		DAC45274275FEBA400D05BB0 /* postCreateRoom.swift */ = {isa = PBXFileReference; lastKnownFileType = sourcecode.swift; path = postCreateRoom.swift; sourceTree = "<group>"; };
		DAC4527F27601EF200D05BB0 /* ChatCard.swift */ = {isa = PBXFileReference; lastKnownFileType = sourcecode.swift; path = ChatCard.swift; sourceTree = "<group>"; };
		DAC4528327603A5400D05BB0 /* HashTag.swift */ = {isa = PBXFileReference; lastKnownFileType = sourcecode.swift; path = HashTag.swift; sourceTree = "<group>"; };
		DAC4ABA027A7530B00D6C7C4 /* Message.swift */ = {isa = PBXFileReference; lastKnownFileType = sourcecode.swift; path = Message.swift; sourceTree = "<group>"; };
		DAC4ABA427A8CAAD00D6C7C4 /* Receipt.swift */ = {isa = PBXFileReference; lastKnownFileType = sourcecode.swift; path = Receipt.swift; sourceTree = "<group>"; };
		DAC4ABA627A8CAE000D6C7C4 /* OrderList.swift */ = {isa = PBXFileReference; lastKnownFileType = sourcecode.swift; path = OrderList.swift; sourceTree = "<group>"; };
		DAC4ABA827A8CB3600D6C7C4 /* OrderCheck.swift */ = {isa = PBXFileReference; lastKnownFileType = sourcecode.swift; path = OrderCheck.swift; sourceTree = "<group>"; };
		DAC4ABAC27A8CC4D00D6C7C4 /* Chatting.swift */ = {isa = PBXFileReference; lastKnownFileType = sourcecode.swift; path = Chatting.swift; sourceTree = "<group>"; };
		DAC4ABB027A8D3A200D6C7C4 /* Room.swift */ = {isa = PBXFileReference; lastKnownFileType = sourcecode.swift; path = Room.swift; sourceTree = "<group>"; };
		DAC4ABB427A9029C00D6C7C4 /* Navi.swift */ = {isa = PBXFileReference; lastKnownFileType = sourcecode.swift; path = Navi.swift; sourceTree = "<group>"; };
		DACEE49827BA1396003A8AA3 /* EmailCheckView.swift */ = {isa = PBXFileReference; lastKnownFileType = sourcecode.swift; path = EmailCheckView.swift; sourceTree = "<group>"; };
		DACEE49A27BA1FD7003A8AA3 /* EmailCertificationNumberView.swift */ = {isa = PBXFileReference; lastKnownFileType = sourcecode.swift; path = EmailCertificationNumberView.swift; sourceTree = "<group>"; };
		DACEE49C27BA57DB003A8AA3 /* AccountView.swift */ = {isa = PBXFileReference; lastKnownFileType = sourcecode.swift; path = AccountView.swift; sourceTree = "<group>"; };
		DACEE49E27BA5AF5003A8AA3 /* AccountAddView.swift */ = {isa = PBXFileReference; lastKnownFileType = sourcecode.swift; path = AccountAddView.swift; sourceTree = "<group>"; };
		DACEE4A027BB69C0003A8AA3 /* TOSView.swift */ = {isa = PBXFileReference; lastKnownFileType = sourcecode.swift; path = TOSView.swift; sourceTree = "<group>"; };
		DACEE4A227BB6A31003A8AA3 /* WithdrawalView.swift */ = {isa = PBXFileReference; lastKnownFileType = sourcecode.swift; path = WithdrawalView.swift; sourceTree = "<group>"; };
		DACEE4A427BB6DD0003A8AA3 /* NotificationView.swift */ = {isa = PBXFileReference; lastKnownFileType = sourcecode.swift; path = NotificationView.swift; sourceTree = "<group>"; };
		DACEE4A827C38368003A8AA3 /* getUniversity.swift */ = {isa = PBXFileReference; lastKnownFileType = sourcecode.swift; path = getUniversity.swift; sourceTree = "<group>"; };
		DACEE4AA27C384D9003A8AA3 /* EmailCheck.swift */ = {isa = PBXFileReference; lastKnownFileType = sourcecode.swift; path = EmailCheck.swift; sourceTree = "<group>"; };
		DAD23A6D27A6B8680094991C /* NetworkConnectionCheck.swift */ = {isa = PBXFileReference; lastKnownFileType = sourcecode.swift; path = NetworkConnectionCheck.swift; sourceTree = "<group>"; };
		DAD3437228054D0F0099DDB7 /* PrivacyPoliceView.swift */ = {isa = PBXFileReference; lastKnownFileType = sourcecode.swift; path = PrivacyPoliceView.swift; sourceTree = "<group>"; };
		DADDCCED28A0FD5F00542C72 /* ErrorAlertView.swift */ = {isa = PBXFileReference; lastKnownFileType = sourcecode.swift; path = ErrorAlertView.swift; sourceTree = "<group>"; };
		DADDCCF028A0FDC900542C72 /* appVaildCheck.swift */ = {isa = PBXFileReference; lastKnownFileType = sourcecode.swift; path = appVaildCheck.swift; sourceTree = "<group>"; };
		DADDCCF428A0FE3100542C72 /* Extension.swift */ = {isa = PBXFileReference; lastKnownFileType = sourcecode.swift; path = Extension.swift; sourceTree = "<group>"; };
		DAE945262746560E000C8D3D /* SocketIOManager.swift */ = {isa = PBXFileReference; lastKnownFileType = sourcecode.swift; path = SocketIOManager.swift; sourceTree = "<group>"; };
		DAE9452C274671F4000C8D3D /* info.plist */ = {isa = PBXFileReference; lastKnownFileType = text.plist; path = info.plist; sourceTree = SOURCE_ROOT; };
		DAF616D7275E3FE50011C508 /* getRoomDetail.swift */ = {isa = PBXFileReference; lastKnownFileType = sourcecode.swift; path = getRoomDetail.swift; sourceTree = "<group>"; };
		DAFF71C4275D58C500A45D29 /* ChatData.swift */ = {isa = PBXFileReference; lastKnownFileType = sourcecode.swift; path = ChatData.swift; sourceTree = "<group>"; };
		DAFF71C6275D593300A45D29 /* ChatView.swift */ = {isa = PBXFileReference; lastKnownFileType = sourcecode.swift; path = ChatView.swift; sourceTree = "<group>"; };
		DAFF71D0275D5FF900A45D29 /* SectionCategoryData.swift */ = {isa = PBXFileReference; lastKnownFileType = sourcecode.swift; path = SectionCategoryData.swift; sourceTree = "<group>"; };
		DAFF71D2275D60D600A45D29 /* RoomDetailView.swift */ = {isa = PBXFileReference; lastKnownFileType = sourcecode.swift; path = RoomDetailView.swift; sourceTree = "<group>"; };
		DAFF71D4275DBEE900A45D29 /* ServerUrl.swift */ = {isa = PBXFileReference; lastKnownFileType = sourcecode.swift; path = ServerUrl.swift; sourceTree = "<group>"; };
		DAFF71D6275DD50200A45D29 /* DateCheck.swift */ = {isa = PBXFileReference; lastKnownFileType = sourcecode.swift; path = DateCheck.swift; sourceTree = "<group>"; };
		DB9BB18865200D5B94F75300 /* Pods_DormitoryDelivery.framework */ = {isa = PBXFileReference; explicitFileType = wrapper.framework; includeInIndex = 0; path = Pods_DormitoryDelivery.framework; sourceTree = BUILT_PRODUCTS_DIR; };
		EA76FCF545434920AAF58F16 /* Pods-DormitoryDelivery.release.xcconfig */ = {isa = PBXFileReference; includeInIndex = 1; lastKnownFileType = text.xcconfig; name = "Pods-DormitoryDelivery.release.xcconfig"; path = "Target Support Files/Pods-DormitoryDelivery/Pods-DormitoryDelivery.release.xcconfig"; sourceTree = "<group>"; };
/* End PBXFileReference section */

/* Begin PBXFrameworksBuildPhase section */
		DA4D2D1727422FE300678FA8 /* Frameworks */ = {
			isa = PBXFrameworksBuildPhase;
			buildActionMask = 2147483647;
			files = (
				8FAA3101DD5ECDD2B010BE19 /* Pods_DormitoryDelivery.framework in Frameworks */,
			);
			runOnlyForDeploymentPostprocessing = 0;
		};
/* End PBXFrameworksBuildPhase section */

/* Begin PBXGroup section */
		19CE0869F7D8F607E613A633 /* Frameworks */ = {
			isa = PBXGroup;
			children = (
				DB9BB18865200D5B94F75300 /* Pods_DormitoryDelivery.framework */,
			);
			name = Frameworks;
			sourceTree = "<group>";
		};
		96602EC5794014BD04662618 /* Pods */ = {
			isa = PBXGroup;
			children = (
				25122BC202D697FFA306DD7E /* Pods-DormitoryDelivery.debug.xcconfig */,
				EA76FCF545434920AAF58F16 /* Pods-DormitoryDelivery.release.xcconfig */,
			);
			path = Pods;
			sourceTree = "<group>";
		};
		DA4D2D1127422FE300678FA8 = {
			isa = PBXGroup;
			children = (
				DA62FEAC27C7A1AE002B0E4C /* fonts */,
				DA4D2D1C27422FE300678FA8 /* DormitoryDelivery */,
				DA4D2D1B27422FE300678FA8 /* Products */,
				96602EC5794014BD04662618 /* Pods */,
				19CE0869F7D8F607E613A633 /* Frameworks */,
			);
			sourceTree = "<group>";
		};
		DA4D2D1B27422FE300678FA8 /* Products */ = {
			isa = PBXGroup;
			children = (
				DA4D2D1A27422FE300678FA8 /* DormitoryDelivery.app */,
			);
			name = Products;
			sourceTree = "<group>";
		};
		DA4D2D1C27422FE300678FA8 /* DormitoryDelivery */ = {
			isa = PBXGroup;
			children = (
				DADDCCEF28A0FDB000542C72 /* Func */,
				DABCB9E027ABEFD4002F27B6 /* DormitoryDelivery.entitlements */,
				DA85783527D3476400C0F695 /* GoogleService-Info.plist */,
				DA85783C27D34CA000C0F695 /* GoogleService-Info_Debug.plist */,
				DAE9452C274671F4000C8D3D /* info.plist */,
				DAC45271275FEA9500D05BB0 /* REST_Function */,
				DAC45264275F521500D05BB0 /* Databases */,
				DAFF71B7275D577B00A45D29 /* Module */,
				DAC4527A27600E4900D05BB0 /* LoginSignupLoading */,
				DA4D2D2B2742306300678FA8 /* AppDelegate.swift */,
				DA4D2D1D27422FE300678FA8 /* DormitoryDeliveryApp.swift */,
				DA4D2D1F27422FE300678FA8 /* ContentView.swift */,
				DADDCCF428A0FE3100542C72 /* Extension.swift */,
				DA4D2D352742378400678FA8 /* TabViews.swift */,
				DADDCCED28A0FD5F00542C72 /* ErrorAlertView.swift */,
				DAAB680027A2DC7700B18B78 /* AlertOneButton.swift */,
				DABCFE602743AEC900B89781 /* Delivery */,
				DABCFE612743AED000B89781 /* CreateRoom */,
				DAFF71B4275D571C00A45D29 /* Chatting */,
				DAFF71B5275D572900A45D29 /* MyPage */,
				DABCFE5F2743AE8900B89781 /* Data */,
				DA4D2D2127422FE500678FA8 /* Assets.xcassets */,
				DA4D2D2D2742309500678FA8 /* Launch Screen.storyboard */,
				DA4D2D2327422FE500678FA8 /* Preview Content */,
			);
			path = DormitoryDelivery;
			sourceTree = "<group>";
		};
		DA4D2D2327422FE500678FA8 /* Preview Content */ = {
			isa = PBXGroup;
			children = (
				DA4D2D2427422FE500678FA8 /* Preview Assets.xcassets */,
			);
			path = "Preview Content";
			sourceTree = "<group>";
		};
		DA62FEAC27C7A1AE002B0E4C /* fonts */ = {
			isa = PBXGroup;
			children = (
				DA62FEAD27C7A1CC002B0E4C /* BlackHanSans-Regular.ttf */,
			);
			path = fonts;
			sourceTree = "<group>";
		};
		DABCFE5F2743AE8900B89781 /* Data */ = {
			isa = PBXGroup;
			children = (
				DAFF71C4275D58C500A45D29 /* ChatData.swift */,
				DAFF71D0275D5FF900A45D29 /* SectionCategoryData.swift */,
				DAFF71D4275DBEE900A45D29 /* ServerUrl.swift */,
			);
			path = Data;
			sourceTree = "<group>";
		};
		DABCFE602743AEC900B89781 /* Delivery */ = {
			isa = PBXGroup;
			children = (
				DAC4ABAE27A8D38400D6C7C4 /* Model */,
				DAC4ABAF27A8D38D00D6C7C4 /* View */,
			);
			path = Delivery;
			sourceTree = "<group>";
		};
		DABCFE612743AED000B89781 /* CreateRoom */ = {
			isa = PBXGroup;
			children = (
				DABCFE622743B0F500B89781 /* CreateRoomView.swift */,
				DAAB680727A4434C00B18B78 /* CategoryView.swift */,
				DA518AD22798F70F00291CA0 /* CreateRoom.swift */,
			);
			path = CreateRoom;
			sourceTree = "<group>";
		};
		DAC45264275F521500D05BB0 /* Databases */ = {
			isa = PBXGroup;
			children = (
				DAC45265275F522B00D05BB0 /* ChatDB.swift */,
				DA06DE5527D1ED270025F0D0 /* TokenKeyChain.swift */,
			);
			path = Databases;
			sourceTree = "<group>";
		};
		DAC45271275FEA9500D05BB0 /* REST_Function */ = {
			isa = PBXGroup;
			children = (
				DAF616D7275E3FE50011C508 /* getRoomDetail.swift */,
				DAC45272275FEAAF00D05BB0 /* getRoomJoin.swift */,
				DAC45274275FEBA400D05BB0 /* postCreateRoom.swift */,
				DA518ADC279DE60900291CA0 /* postAddMenu.swift */,
				DA6829F027A0DE5C008F53BB /* postMenuEdit.swift */,
				DA065EE027C7A7E3000CB175 /* PostMenuDelete.swift */,
				DA518ADA279D965400291CA0 /* getRoomLeave.swift */,
				DA518AE2279DED4000291CA0 /* getMenuList.swift */,
				DA6829EC27A0B170008F53BB /* getMenus.swift */,
				DA518AE4279DF04500291CA0 /* getReady.swift */,
				DA2ACF7727A730ED005939F0 /* getKick.swift */,
				DA294AF32822378300188C84 /* getVoteVaild.swift */,
				DACEE4A827C38368003A8AA3 /* getUniversity.swift */,
				DA2ACF7927A7387D005939F0 /* postVoteKick.swift */,
				DA2ACF7B27A73952005939F0 /* postVoteReset.swift */,
				DA2ACF7527A729C8005939F0 /* getChatLog.swift */,
				DABCB9DA27AAFE5B002F27B6 /* getRooms.swift */,
				DA3C0176279ED5510090202E /* postOderFix.swift */,
				DA6829E827A007B9008F53BB /* postOrderCheck.swift */,
				DA2ACF7327A6EA28005939F0 /* postOrderDone.swift */,
			);
			path = REST_Function;
			sourceTree = "<group>";
		};
		DAC4527A27600E4900D05BB0 /* LoginSignupLoading */ = {
			isa = PBXGroup;
			children = (
				DAC252D1275B4E0100EA2BFD /* LoginView.swift */,
				DAB5E98B274364BC00EF5B6A /* Signup.swift */,
				DAC252D9275B551B00EA2BFD /* Loading.swift */,
				DACEE49827BA1396003A8AA3 /* EmailCheckView.swift */,
				DAB1CF4028E375F400B66468 /* NeedEmail.swift */,
				DACEE4AA27C384D9003A8AA3 /* EmailCheck.swift */,
				DACEE49A27BA1FD7003A8AA3 /* EmailCertificationNumberView.swift */,
				DAABCBB128C8734600F8244E /* NicknameCreateView.swift */,
			);
			path = LoginSignupLoading;
			sourceTree = "<group>";
		};
		DAC4ABA227A8CA6A00D6C7C4 /* View */ = {
			isa = PBXGroup;
			children = (
				DA12BE79276156A300C08143 /* OrderView.swift */,
				DA518AE0279DECB300291CA0 /* OrderListView.swift */,
				DA3C017C279F1BBE0090202E /* OrderListCard.swift */,
				DA3C0178279EE5C90090202E /* OrderCheckView.swift */,
				DA294B0E282CBB8000188C84 /* ImageSlider.swift */,
				DA6829EA27A00C01008F53BB /* ReceiptView.swift */,
				DA3C017A279EED000090202E /* ImagePicker.swift */,
				DA3B03F027AFD84000FA9923 /* CombineTest.swift */,
			);
			path = View;
			sourceTree = "<group>";
		};
		DAC4ABA327A8CA7100D6C7C4 /* Model */ = {
			isa = PBXGroup;
			children = (
				DA518ADE279DE84300291CA0 /* Order.swift */,
				DAC4ABA427A8CAAD00D6C7C4 /* Receipt.swift */,
				DAC4ABA627A8CAE000D6C7C4 /* OrderList.swift */,
				DAC4ABA827A8CB3600D6C7C4 /* OrderCheck.swift */,
			);
			path = Model;
			sourceTree = "<group>";
		};
		DAC4ABAA27A8CB5900D6C7C4 /* Model */ = {
			isa = PBXGroup;
			children = (
				DAC4ABAC27A8CC4D00D6C7C4 /* Chatting.swift */,
			);
			path = Model;
			sourceTree = "<group>";
		};
		DAC4ABAB27A8CB5F00D6C7C4 /* View */ = {
			isa = PBXGroup;
			children = (
				DAFF71C6275D593300A45D29 /* ChatView.swift */,
				DA12BE7127613BE800C08143 /* ChattingView.swift */,
				DA294B102834C66B00188C84 /* textview.swift */,
				DAC4ABA027A7530B00D6C7C4 /* Message.swift */,
				DA2DFC5A28D84C210025FCAE /* ReportView.swift */,
				DA294B122834C6D300188C84 /* MessageView.swift */,
				DA294AF72829153200188C84 /* ResetView.swift */,
				DA294AF52822416B00188C84 /* VoteView.swift */,
				DAC4527F27601EF200D05BB0 /* ChatCard.swift */,
				DA518AD6279D798600291CA0 /* ChatSideMenu.swift */,
				DA12BE7527613C1A00C08143 /* bubble.swift */,
			);
			path = View;
			sourceTree = "<group>";
		};
		DAC4ABAE27A8D38400D6C7C4 /* Model */ = {
			isa = PBXGroup;
			children = (
				DAC4ABB027A8D3A200D6C7C4 /* Room.swift */,
				DA518AD4279916FD00291CA0 /* RoomDetail.swift */,
				DAC4ABB427A9029C00D6C7C4 /* Navi.swift */,
			);
			path = Model;
			sourceTree = "<group>";
		};
		DAC4ABAF27A8D38D00D6C7C4 /* View */ = {
			isa = PBXGroup;
			children = (
				DAB5E98F27436B9B00EF5B6A /* DeliveryView.swift */,
				DACEE4A427BB6DD0003A8AA3 /* NotificationView.swift */,
				DAC4528327603A5400D05BB0 /* HashTag.swift */,
				DAB5E9932743906400EF5B6A /* RoomCard.swift */,
				DAFF71D2275D60D600A45D29 /* RoomDetailView.swift */,
			);
			path = View;
			sourceTree = "<group>";
		};
		DAD23A6F27A6E1730094991C /* Order */ = {
			isa = PBXGroup;
			children = (
				DAC4ABA327A8CA7100D6C7C4 /* Model */,
				DAC4ABA227A8CA6A00D6C7C4 /* View */,
			);
			path = Order;
			sourceTree = "<group>";
		};
		DADDCCEF28A0FDB000542C72 /* Func */ = {
			isa = PBXGroup;
			children = (
				DADDCCF028A0FDC900542C72 /* appVaildCheck.swift */,
			);
			path = Func;
			sourceTree = "<group>";
		};
		DAFF71B4275D571C00A45D29 /* Chatting */ = {
			isa = PBXGroup;
			children = (
				DAC4ABAA27A8CB5900D6C7C4 /* Model */,
				DAC4ABAB27A8CB5F00D6C7C4 /* View */,
				DAD23A6F27A6E1730094991C /* Order */,
			);
			path = Chatting;
			sourceTree = "<group>";
		};
		DAFF71B5275D572900A45D29 /* MyPage */ = {
			isa = PBXGroup;
			children = (
				DABCFE5C2743ACCF00B89781 /* MyPage.swift */,
				DA85E9F7280D5B6D0027A4B6 /* File.swift */,
				DACEE4A027BB69C0003A8AA3 /* TOSView.swift */,
				DA85E9F528067C230027A4B6 /* HelpView.swift */,
				DAD3437228054D0F0099DDB7 /* PrivacyPoliceView.swift */,
				DACEE4A227BB6A31003A8AA3 /* WithdrawalView.swift */,
				DA294B0C282A4FFB00188C84 /* PhotoLibraryPicker.swift */,
				DA294AF9282A062700188C84 /* photoTest.swift */,
				DACEE49C27BA57DB003A8AA3 /* AccountView.swift */,
				DACEE49E27BA5AF5003A8AA3 /* AccountAddView.swift */,
			);
			path = MyPage;
			sourceTree = "<group>";
		};
		DAFF71B7275D577B00A45D29 /* Module */ = {
			isa = PBXGroup;
			children = (
				DAE945262746560E000C8D3D /* SocketIOManager.swift */,
				DAC252D7275B4EC800EA2BFD /* NaverLogin.swift */,
				DAFF71D6275DD50200A45D29 /* DateCheck.swift */,
				DAD23A6D27A6B8680094991C /* NetworkConnectionCheck.swift */,
				DA3C017E279F38380090202E /* KeyBoardState.swift */,
			);
			path = Module;
			sourceTree = "<group>";
		};
/* End PBXGroup section */

/* Begin PBXNativeTarget section */
		DA4D2D1927422FE300678FA8 /* DormitoryDelivery */ = {
			isa = PBXNativeTarget;
			buildConfigurationList = DA4D2D2827422FE500678FA8 /* Build configuration list for PBXNativeTarget "DormitoryDelivery" */;
			buildPhases = (
				C188DFB3EE418707B00F24EC /* [CP] Check Pods Manifest.lock */,
				DA4D2D1627422FE300678FA8 /* Sources */,
				DA4D2D1727422FE300678FA8 /* Frameworks */,
				DA4D2D1827422FE300678FA8 /* Resources */,
				50B7F83C07916472BC7E1FD4 /* [CP] Embed Pods Frameworks */,
			);
			buildRules = (
			);
			dependencies = (
			);
			name = DormitoryDelivery;
			packageProductDependencies = (
			);
			productName = DormitoryDelivery;
			productReference = DA4D2D1A27422FE300678FA8 /* DormitoryDelivery.app */;
			productType = "com.apple.product-type.application";
		};
/* End PBXNativeTarget section */

/* Begin PBXProject section */
		DA4D2D1227422FE300678FA8 /* Project object */ = {
			isa = PBXProject;
			attributes = {
				BuildIndependentTargetsInParallel = YES;
				LastSwiftUpdateCheck = 1310;
				LastUpgradeCheck = 1320;
				TargetAttributes = {
					DA4D2D1927422FE300678FA8 = {
						CreatedOnToolsVersion = 13.1;
					};
				};
			};
			buildConfigurationList = DA4D2D1527422FE300678FA8 /* Build configuration list for PBXProject "DormitoryDelivery" */;
			compatibilityVersion = "Xcode 13.0";
			developmentRegion = en;
			hasScannedForEncodings = 0;
			knownRegions = (
				en,
				Base,
			);
			mainGroup = DA4D2D1127422FE300678FA8;
			packageReferences = (
			);
			productRefGroup = DA4D2D1B27422FE300678FA8 /* Products */;
			projectDirPath = "";
			projectRoot = "";
			targets = (
				DA4D2D1927422FE300678FA8 /* DormitoryDelivery */,
			);
		};
/* End PBXProject section */

/* Begin PBXResourcesBuildPhase section */
		DA4D2D1827422FE300678FA8 /* Resources */ = {
			isa = PBXResourcesBuildPhase;
			buildActionMask = 2147483647;
			files = (
				DA62FEAE27C7A1CC002B0E4C /* BlackHanSans-Regular.ttf in Resources */,
				DA4D2D2E2742309500678FA8 /* Launch Screen.storyboard in Resources */,
				DA85783627D3476400C0F695 /* GoogleService-Info.plist in Resources */,
				DA8837AA275BC81C0034481F /* Assets.xcassets in Resources */,
				DA4D2D2527422FE500678FA8 /* Preview Assets.xcassets in Resources */,
				DA85783D27D34CA000C0F695 /* GoogleService-Info_Debug.plist in Resources */,
			);
			runOnlyForDeploymentPostprocessing = 0;
		};
/* End PBXResourcesBuildPhase section */

/* Begin PBXShellScriptBuildPhase section */
		50B7F83C07916472BC7E1FD4 /* [CP] Embed Pods Frameworks */ = {
			isa = PBXShellScriptBuildPhase;
			buildActionMask = 2147483647;
			files = (
			);
			inputFileListPaths = (
				"${PODS_ROOT}/Target Support Files/Pods-DormitoryDelivery/Pods-DormitoryDelivery-frameworks-${CONFIGURATION}-input-files.xcfilelist",
			);
			name = "[CP] Embed Pods Frameworks";
			outputFileListPaths = (
				"${PODS_ROOT}/Target Support Files/Pods-DormitoryDelivery/Pods-DormitoryDelivery-frameworks-${CONFIGURATION}-output-files.xcfilelist",
			);
			runOnlyForDeploymentPostprocessing = 0;
			shellPath = /bin/sh;
			shellScript = "\"${PODS_ROOT}/Target Support Files/Pods-DormitoryDelivery/Pods-DormitoryDelivery-frameworks.sh\"\n";
			showEnvVarsInLog = 0;
		};
		C188DFB3EE418707B00F24EC /* [CP] Check Pods Manifest.lock */ = {
			isa = PBXShellScriptBuildPhase;
			buildActionMask = 2147483647;
			files = (
			);
			inputFileListPaths = (
			);
			inputPaths = (
				"${PODS_PODFILE_DIR_PATH}/Podfile.lock",
				"${PODS_ROOT}/Manifest.lock",
			);
			name = "[CP] Check Pods Manifest.lock";
			outputFileListPaths = (
			);
			outputPaths = (
				"$(DERIVED_FILE_DIR)/Pods-DormitoryDelivery-checkManifestLockResult.txt",
			);
			runOnlyForDeploymentPostprocessing = 0;
			shellPath = /bin/sh;
			shellScript = "diff \"${PODS_PODFILE_DIR_PATH}/Podfile.lock\" \"${PODS_ROOT}/Manifest.lock\" > /dev/null\nif [ $? != 0 ] ; then\n    # print error to STDERR\n    echo \"error: The sandbox is not in sync with the Podfile.lock. Run 'pod install' or update your CocoaPods installation.\" >&2\n    exit 1\nfi\n# This output is used by Xcode 'outputs' to avoid re-running this script phase.\necho \"SUCCESS\" > \"${SCRIPT_OUTPUT_FILE_0}\"\n";
			showEnvVarsInLog = 0;
		};
/* End PBXShellScriptBuildPhase section */

/* Begin PBXSourcesBuildPhase section */
		DA4D2D1627422FE300678FA8 /* Sources */ = {
			isa = PBXSourcesBuildPhase;
			buildActionMask = 2147483647;
			files = (
				DA294AFA282A062700188C84 /* photoTest.swift in Sources */,
				DAC4ABAD27A8CC4D00D6C7C4 /* Chatting.swift in Sources */,
				DAB5E98C274364BC00EF5B6A /* Signup.swift in Sources */,
				DABCFE5D2743ACCF00B89781 /* MyPage.swift in Sources */,
				DA6829ED27A0B170008F53BB /* getMenus.swift in Sources */,
				DADDCCEE28A0FD5F00542C72 /* ErrorAlertView.swift in Sources */,
				DA85E9F8280D5B6D0027A4B6 /* File.swift in Sources */,
				DACEE4A127BB69C0003A8AA3 /* TOSView.swift in Sources */,
				DADDCCF528A0FE3100542C72 /* Extension.swift in Sources */,
				DAFF71C5275D58C500A45D29 /* ChatData.swift in Sources */,
				DAFF71C7275D593300A45D29 /* ChatView.swift in Sources */,
				DA6829F127A0DE5C008F53BB /* postMenuEdit.swift in Sources */,
				DAC4ABB527A9029C00D6C7C4 /* Navi.swift in Sources */,
				DA2ACF7627A729C8005939F0 /* getChatLog.swift in Sources */,
				DA4D2D2C2742306300678FA8 /* AppDelegate.swift in Sources */,
				DA518ADF279DE84300291CA0 /* Order.swift in Sources */,
				DACEE4AB27C384D9003A8AA3 /* EmailCheck.swift in Sources */,
				DA6829E927A007B9008F53BB /* postOrderCheck.swift in Sources */,
				DACEE4A327BB6A31003A8AA3 /* WithdrawalView.swift in Sources */,
				DAC4ABA727A8CAE000D6C7C4 /* OrderList.swift in Sources */,
				DA518AE3279DED4000291CA0 /* getMenuList.swift in Sources */,
				DA518ADB279D965400291CA0 /* getRoomLeave.swift in Sources */,
				DA065EE127C7A7E3000CB175 /* PostMenuDelete.swift in Sources */,
				DACEE4A527BB6DD0003A8AA3 /* NotificationView.swift in Sources */,
				DAABCBB228C8734600F8244E /* NicknameCreateView.swift in Sources */,
				DA6829EB27A00C01008F53BB /* ReceiptView.swift in Sources */,
				DAD23A6E27A6B8680094991C /* NetworkConnectionCheck.swift in Sources */,
				DA294AF42822378300188C84 /* getVoteVaild.swift in Sources */,
				DAC252D8275B4EC800EA2BFD /* NaverLogin.swift in Sources */,
				DA518AD5279916FD00291CA0 /* RoomDetail.swift in Sources */,
				DA294B132834C6D300188C84 /* MessageView.swift in Sources */,
				DAC4ABA527A8CAAD00D6C7C4 /* Receipt.swift in Sources */,
				DACEE49B27BA1FD7003A8AA3 /* EmailCertificationNumberView.swift in Sources */,
				DAC4528027601EF200D05BB0 /* ChatCard.swift in Sources */,
				DA518ADD279DE60900291CA0 /* postAddMenu.swift in Sources */,
				DAC252D2275B4E0100EA2BFD /* LoginView.swift in Sources */,
				DA2ACF7C27A73952005939F0 /* postVoteReset.swift in Sources */,
				DAC4ABA127A7530B00D6C7C4 /* Message.swift in Sources */,
				DAC45275275FEBA400D05BB0 /* postCreateRoom.swift in Sources */,
				DA4D2D2027422FE300678FA8 /* ContentView.swift in Sources */,
				DA3C017F279F38380090202E /* KeyBoardState.swift in Sources */,
				DA12BE7227613BE800C08143 /* ChattingView.swift in Sources */,
				DACEE49D27BA57DB003A8AA3 /* AccountView.swift in Sources */,
				DAAB680827A4434C00B18B78 /* CategoryView.swift in Sources */,
				DACEE49F27BA5AF5003A8AA3 /* AccountAddView.swift in Sources */,
				DACEE49927BA1396003A8AA3 /* EmailCheckView.swift in Sources */,
				DA4D2D1E27422FE300678FA8 /* DormitoryDeliveryApp.swift in Sources */,
				DAD3437328054D0F0099DDB7 /* PrivacyPoliceView.swift in Sources */,
				DA06DE5627D1ED270025F0D0 /* TokenKeyChain.swift in Sources */,
				DA294B0F282CBB8000188C84 /* ImageSlider.swift in Sources */,
				DA2ACF7A27A7387D005939F0 /* postVoteKick.swift in Sources */,
				DAC4ABA927A8CB3600D6C7C4 /* OrderCheck.swift in Sources */,
				DA294B112834C66B00188C84 /* textview.swift in Sources */,
				DAB5E9942743906400EF5B6A /* RoomCard.swift in Sources */,
				DAFF71D1275D5FF900A45D29 /* SectionCategoryData.swift in Sources */,
				DAE945272746560E000C8D3D /* SocketIOManager.swift in Sources */,
				DABCB9DB27AAFE5B002F27B6 /* getRooms.swift in Sources */,
				DA85E9F628067C230027A4B6 /* HelpView.swift in Sources */,
				DA12BE7A276156A300C08143 /* OrderView.swift in Sources */,
				DA2ACF7827A730ED005939F0 /* getKick.swift in Sources */,
				DAFF71D3275D60D600A45D29 /* RoomDetailView.swift in Sources */,
				DA294AF62822416B00188C84 /* VoteView.swift in Sources */,
				DAC4ABB127A8D3A200D6C7C4 /* Room.swift in Sources */,
				DACEE4A927C38368003A8AA3 /* getUniversity.swift in Sources */,
				DA3C0177279ED5510090202E /* postOderFix.swift in Sources */,
				DA518AE5279DF04500291CA0 /* getReady.swift in Sources */,
				DAAB680127A2DC7700B18B78 /* AlertOneButton.swift in Sources */,
				DAC4528427603A5400D05BB0 /* HashTag.swift in Sources */,
				DA2DFC5B28D84C210025FCAE /* ReportView.swift in Sources */,
				DA3B03F127AFD84000FA9923 /* CombineTest.swift in Sources */,
				DA12BE7627613C1A00C08143 /* bubble.swift in Sources */,
				DABCFE632743B0F500B89781 /* CreateRoomView.swift in Sources */,
				DAFF71D5275DBEE900A45D29 /* ServerUrl.swift in Sources */,
				DA2ACF7427A6EA28005939F0 /* postOrderDone.swift in Sources */,
				DA3C0179279EE5C90090202E /* OrderCheckView.swift in Sources */,
				DAC252DA275B551B00EA2BFD /* Loading.swift in Sources */,
				DA518AD7279D798600291CA0 /* ChatSideMenu.swift in Sources */,
				DA518AD32798F70F00291CA0 /* CreateRoom.swift in Sources */,
				DAC45273275FEAAF00D05BB0 /* getRoomJoin.swift in Sources */,
				DA4D2D362742378400678FA8 /* TabViews.swift in Sources */,
				DADDCCF128A0FDC900542C72 /* appVaildCheck.swift in Sources */,
				DAFF71D7275DD50200A45D29 /* DateCheck.swift in Sources */,
				DA294AF82829153200188C84 /* ResetView.swift in Sources */,
				DAB5E99027436B9B00EF5B6A /* DeliveryView.swift in Sources */,
				DA294B0D282A4FFB00188C84 /* PhotoLibraryPicker.swift in Sources */,
				DA3C017D279F1BBE0090202E /* OrderListCard.swift in Sources */,
				DAF616D8275E3FE50011C508 /* getRoomDetail.swift in Sources */,
				DA518AE1279DECB300291CA0 /* OrderListView.swift in Sources */,
				DAB1CF4128E375F400B66468 /* NeedEmail.swift in Sources */,
				DA3C017B279EED000090202E /* ImagePicker.swift in Sources */,
				DAC45266275F522B00D05BB0 /* ChatDB.swift in Sources */,
			);
			runOnlyForDeploymentPostprocessing = 0;
		};
/* End PBXSourcesBuildPhase section */

/* Begin XCBuildConfiguration section */
		DA4D2D2727422FE500678FA8 /* Release */ = {
			isa = XCBuildConfiguration;
			buildSettings = {
				ALWAYS_SEARCH_USER_PATHS = NO;
				CLANG_ANALYZER_NONNULL = YES;
				CLANG_ANALYZER_NUMBER_OBJECT_CONVERSION = YES_AGGRESSIVE;
				CLANG_CXX_LANGUAGE_STANDARD = "gnu++17";
				CLANG_CXX_LIBRARY = "libc++";
				CLANG_ENABLE_MODULES = YES;
				CLANG_ENABLE_OBJC_ARC = YES;
				CLANG_ENABLE_OBJC_WEAK = YES;
				CLANG_WARN_BLOCK_CAPTURE_AUTORELEASING = YES;
				CLANG_WARN_BOOL_CONVERSION = YES;
				CLANG_WARN_COMMA = YES;
				CLANG_WARN_CONSTANT_CONVERSION = YES;
				CLANG_WARN_DEPRECATED_OBJC_IMPLEMENTATIONS = YES;
				CLANG_WARN_DIRECT_OBJC_ISA_USAGE = YES_ERROR;
				CLANG_WARN_DOCUMENTATION_COMMENTS = YES;
				CLANG_WARN_EMPTY_BODY = YES;
				CLANG_WARN_ENUM_CONVERSION = YES;
				CLANG_WARN_INFINITE_RECURSION = YES;
				CLANG_WARN_INT_CONVERSION = YES;
				CLANG_WARN_NON_LITERAL_NULL_CONVERSION = YES;
				CLANG_WARN_OBJC_IMPLICIT_RETAIN_SELF = YES;
				CLANG_WARN_OBJC_LITERAL_CONVERSION = YES;
				CLANG_WARN_OBJC_ROOT_CLASS = YES_ERROR;
				CLANG_WARN_QUOTED_INCLUDE_IN_FRAMEWORK_HEADER = YES;
				CLANG_WARN_RANGE_LOOP_ANALYSIS = YES;
				CLANG_WARN_STRICT_PROTOTYPES = YES;
				CLANG_WARN_SUSPICIOUS_MOVE = YES;
				CLANG_WARN_UNGUARDED_AVAILABILITY = YES_AGGRESSIVE;
				CLANG_WARN_UNREACHABLE_CODE = YES;
				CLANG_WARN__DUPLICATE_METHOD_MATCH = YES;
				COPY_PHASE_STRIP = NO;
				DEBUG_INFORMATION_FORMAT = "dwarf-with-dsym";
				ENABLE_NS_ASSERTIONS = NO;
				ENABLE_STRICT_OBJC_MSGSEND = YES;
				ENABLE_TESTABILITY = NO;
				"EXCLUDED_ARCHS[sdk=iphonesimulator*]" = arm64;
				GCC_C_LANGUAGE_STANDARD = gnu11;
				GCC_NO_COMMON_BLOCKS = YES;
				GCC_WARN_64_TO_32_BIT_CONVERSION = YES;
				GCC_WARN_ABOUT_RETURN_TYPE = YES_ERROR;
				GCC_WARN_UNDECLARED_SELECTOR = YES;
				GCC_WARN_UNINITIALIZED_AUTOS = YES_AGGRESSIVE;
				GCC_WARN_UNUSED_FUNCTION = YES;
				GCC_WARN_UNUSED_VARIABLE = YES;
				IPHONEOS_DEPLOYMENT_TARGET = 15.0;
				MTL_ENABLE_DEBUG_INFO = NO;
				MTL_FAST_MATH = YES;
				ONLY_ACTIVE_ARCH = YES;
				SDKROOT = iphoneos;
				SWIFT_COMPILATION_MODE = wholemodule;
				SWIFT_OPTIMIZATION_LEVEL = "-O";
				VALIDATE_PRODUCT = YES;
			};
			name = Release;
		};
		DA4D2D2A27422FE500678FA8 /* Release */ = {
			isa = XCBuildConfiguration;
			baseConfigurationReference = EA76FCF545434920AAF58F16 /* Pods-DormitoryDelivery.release.xcconfig */;
			buildSettings = {
				ASSETCATALOG_COMPILER_APPICON_NAME = AppIcon;
				ASSETCATALOG_COMPILER_GLOBAL_ACCENT_COLOR_NAME = AccentColor;
				ASSETCATALOG_COMPILER_INCLUDE_ALL_APPICON_ASSETS = NO;
				CODE_SIGN_ENTITLEMENTS = DormitoryDelivery/DormitoryDelivery.entitlements;
				CODE_SIGN_IDENTITY = "Apple Development";
				CODE_SIGN_STYLE = Automatic;
				CURRENT_PROJECT_VERSION = 3;
				DEVELOPMENT_ASSET_PATHS = "\"DormitoryDelivery/Preview Content\"";
				DEVELOPMENT_TEAM = P6Z9B6CV2H;
				ENABLE_PREVIEWS = YES;
				GENERATE_INFOPLIST_FILE = NO;
				INFOPLIST_FILE = /Users/cho/Documents/Work/DormitoryDelivery/info.plist;
				INFOPLIST_KEY_LSApplicationCategoryType = "public.app-category.social-networking";
				INFOPLIST_KEY_UIApplicationSceneManifest_Generation = YES;
				INFOPLIST_KEY_UIApplicationSupportsIndirectInputEvents = YES;
				INFOPLIST_KEY_UILaunchScreen_Generation = YES;
				INFOPLIST_KEY_UILaunchStoryboardName = "Launch Screen";
				INFOPLIST_KEY_UISupportedInterfaceOrientations_iPad = "UIInterfaceOrientationPortrait UIInterfaceOrientationPortraitUpsideDown UIInterfaceOrientationLandscapeLeft UIInterfaceOrientationLandscapeRight";
				INFOPLIST_KEY_UISupportedInterfaceOrientations_iPhone = "UIInterfaceOrientationPortrait UIInterfaceOrientationLandscapeLeft UIInterfaceOrientationLandscapeRight";
				IPHONEOS_DEPLOYMENT_TARGET = 15.0;
				LD_RUNPATH_SEARCH_PATHS = (
					"$(inherited)",
					"@executable_path/Frameworks",
				);
				MACH_O_TYPE = mh_execute;
				MARKETING_VERSION = 1.1.1;
				ONLY_ACTIVE_ARCH = YES;
				OTHER_LDFLAGS = (
					"$(inherited)",
					"-l\"c++\"",
					"-l\"z\"",
					"-framework",
					"\"Alamofire\"",
					"-framework",
					"\"CFNetwork\"",
					"-framework",
					"\"CoreGraphics\"",
					"-framework",
					"\"Foundation\"",
					"-framework",
					"\"JWTDecode\"",
					"-framework",
					"\"NaverThirdPartyLogin\"",
					"-framework",
					"\"QuartzCore\"",
					"-framework",
					"\"Realm\"",
					"-framework",
					"\"RealmSwift\"",
					"-framework",
					"\"SafariServices\"",
					"-framework",
					"\"Security\"",
					"-framework",
					"\"SocketIO\"",
					"-framework",
					"\"Starscream\"",
					"-framework",
					"\"SystemConfiguration\"",
					"-framework",
					"\"UIKit\"",
					"-framework",
					"\"SwiftUI\"",
				);
				OTHER_LIBTOOLFLAGS = "";
				PRODUCT_BUNDLE_IDENTIFIER = com.cb.gachihasil;
				PRODUCT_NAME = "$(TARGET_NAME)";
				PROVISIONING_PROFILE_SPECIFIER = "";
				SUPPORTED_PLATFORMS = "iphoneos iphonesimulator";
				SUPPORTS_MACCATALYST = NO;
				SUPPORTS_MAC_DESIGNED_FOR_IPHONE_IPAD = NO;
				SWIFT_EMIT_LOC_STRINGS = YES;
				SWIFT_VERSION = 5.0;
				TARGETED_DEVICE_FAMILY = 1;
				VALIDATE_WORKSPACE = NO;
			};
			name = Release;
		};
		DAA98A7E27D28F850040BD6F /* Debug */ = {
			isa = XCBuildConfiguration;
			buildSettings = {
				ALWAYS_SEARCH_USER_PATHS = NO;
				CLANG_ANALYZER_NONNULL = YES;
				CLANG_ANALYZER_NUMBER_OBJECT_CONVERSION = YES_AGGRESSIVE;
				CLANG_CXX_LANGUAGE_STANDARD = "gnu++17";
				CLANG_CXX_LIBRARY = "libc++";
				CLANG_ENABLE_MODULES = YES;
				CLANG_ENABLE_OBJC_ARC = YES;
				CLANG_ENABLE_OBJC_WEAK = YES;
				CLANG_WARN_BLOCK_CAPTURE_AUTORELEASING = YES;
				CLANG_WARN_BOOL_CONVERSION = YES;
				CLANG_WARN_COMMA = YES;
				CLANG_WARN_CONSTANT_CONVERSION = YES;
				CLANG_WARN_DEPRECATED_OBJC_IMPLEMENTATIONS = YES;
				CLANG_WARN_DIRECT_OBJC_ISA_USAGE = YES_ERROR;
				CLANG_WARN_DOCUMENTATION_COMMENTS = YES;
				CLANG_WARN_EMPTY_BODY = YES;
				CLANG_WARN_ENUM_CONVERSION = YES;
				CLANG_WARN_INFINITE_RECURSION = YES;
				CLANG_WARN_INT_CONVERSION = YES;
				CLANG_WARN_NON_LITERAL_NULL_CONVERSION = YES;
				CLANG_WARN_OBJC_IMPLICIT_RETAIN_SELF = YES;
				CLANG_WARN_OBJC_LITERAL_CONVERSION = YES;
				CLANG_WARN_OBJC_ROOT_CLASS = YES_ERROR;
				CLANG_WARN_QUOTED_INCLUDE_IN_FRAMEWORK_HEADER = YES;
				CLANG_WARN_RANGE_LOOP_ANALYSIS = YES;
				CLANG_WARN_STRICT_PROTOTYPES = YES;
				CLANG_WARN_SUSPICIOUS_MOVE = YES;
				CLANG_WARN_UNGUARDED_AVAILABILITY = YES_AGGRESSIVE;
				CLANG_WARN_UNREACHABLE_CODE = YES;
				CLANG_WARN__DUPLICATE_METHOD_MATCH = YES;
				COPY_PHASE_STRIP = NO;
				DEBUG_INFORMATION_FORMAT = "dwarf-with-dsym";
				ENABLE_NS_ASSERTIONS = NO;
				ENABLE_STRICT_OBJC_MSGSEND = YES;
				ENABLE_TESTABILITY = YES;
				"EXCLUDED_ARCHS[sdk=iphonesimulator*]" = arm64;
				GCC_C_LANGUAGE_STANDARD = gnu11;
				GCC_NO_COMMON_BLOCKS = YES;
				GCC_WARN_64_TO_32_BIT_CONVERSION = YES;
				GCC_WARN_ABOUT_RETURN_TYPE = YES_ERROR;
				GCC_WARN_UNDECLARED_SELECTOR = YES;
				GCC_WARN_UNINITIALIZED_AUTOS = YES_AGGRESSIVE;
				GCC_WARN_UNUSED_FUNCTION = YES;
				GCC_WARN_UNUSED_VARIABLE = YES;
				IPHONEOS_DEPLOYMENT_TARGET = 15.0;
				MTL_ENABLE_DEBUG_INFO = NO;
				MTL_FAST_MATH = YES;
				ONLY_ACTIVE_ARCH = YES;
				SDKROOT = iphoneos;
				SWIFT_COMPILATION_MODE = wholemodule;
				SWIFT_OPTIMIZATION_LEVEL = "-O";
				VALIDATE_PRODUCT = YES;
			};
			name = Debug;
		};
		DAA98A7F27D28F850040BD6F /* Debug */ = {
			isa = XCBuildConfiguration;
			baseConfigurationReference = 25122BC202D697FFA306DD7E /* Pods-DormitoryDelivery.debug.xcconfig */;
			buildSettings = {
				ASSETCATALOG_COMPILER_APPICON_NAME = AppIcon;
				ASSETCATALOG_COMPILER_GLOBAL_ACCENT_COLOR_NAME = AccentColor;
				ASSETCATALOG_COMPILER_INCLUDE_ALL_APPICON_ASSETS = NO;
				CODE_SIGN_ENTITLEMENTS = DormitoryDelivery/DormitoryDelivery.entitlements;
				CODE_SIGN_IDENTITY = "Apple Development";
				CODE_SIGN_STYLE = Automatic;
				CURRENT_PROJECT_VERSION = 3;
				DEVELOPMENT_ASSET_PATHS = "\"DormitoryDelivery/Preview Content\"";
				DEVELOPMENT_TEAM = P6Z9B6CV2H;
				ENABLE_PREVIEWS = YES;
				GENERATE_INFOPLIST_FILE = NO;
				INFOPLIST_FILE = /Users/cho/Documents/Work/DormitoryDelivery/info.plist;
				INFOPLIST_KEY_LSApplicationCategoryType = "public.app-category.social-networking";
				INFOPLIST_KEY_UIApplicationSceneManifest_Generation = YES;
				INFOPLIST_KEY_UIApplicationSupportsIndirectInputEvents = YES;
				INFOPLIST_KEY_UILaunchScreen_Generation = YES;
				INFOPLIST_KEY_UILaunchStoryboardName = "Launch Screen";
				INFOPLIST_KEY_UISupportedInterfaceOrientations_iPad = "UIInterfaceOrientationPortrait UIInterfaceOrientationPortraitUpsideDown UIInterfaceOrientationLandscapeLeft UIInterfaceOrientationLandscapeRight";
				INFOPLIST_KEY_UISupportedInterfaceOrientations_iPhone = "UIInterfaceOrientationPortrait UIInterfaceOrientationLandscapeLeft UIInterfaceOrientationLandscapeRight";
				IPHONEOS_DEPLOYMENT_TARGET = 15.0;
				LD_RUNPATH_SEARCH_PATHS = (
					"$(inherited)",
					"@executable_path/Frameworks",
				);
				MACH_O_TYPE = mh_execute;
				MARKETING_VERSION = 1.1.1;
				ONLY_ACTIVE_ARCH = YES;
				OTHER_LDFLAGS = (
					"$(inherited)",
					"-l\"c++\"",
					"-l\"z\"",
					"-framework",
					"\"Alamofire\"",
					"-framework",
					"\"CFNetwork\"",
					"-framework",
					"\"CoreGraphics\"",
					"-framework",
					"\"Foundation\"",
					"-framework",
					"\"JWTDecode\"",
					"-framework",
					"\"NaverThirdPartyLogin\"",
					"-framework",
					"\"QuartzCore\"",
					"-framework",
					"\"Realm\"",
					"-framework",
					"\"RealmSwift\"",
					"-framework",
					"\"SafariServices\"",
					"-framework",
					"\"Security\"",
					"-framework",
					"\"SocketIO\"",
					"-framework",
					"\"Starscream\"",
					"-framework",
					"\"SystemConfiguration\"",
					"-framework",
					"\"UIKit\"",
					"-framework",
					"\"SwiftUI\"",
				);
				OTHER_LIBTOOLFLAGS = "";
				PRODUCT_BUNDLE_IDENTIFIER = com.cb.gachihasil.Debug;
				PRODUCT_NAME = "$(TARGET_NAME)";
				PROVISIONING_PROFILE_SPECIFIER = "";
				SUPPORTED_PLATFORMS = "iphoneos iphonesimulator";
				SUPPORTS_MACCATALYST = NO;
				SUPPORTS_MAC_DESIGNED_FOR_IPHONE_IPAD = NO;
				SWIFT_EMIT_LOC_STRINGS = YES;
				SWIFT_VERSION = 5.0;
				TARGETED_DEVICE_FAMILY = 1;
				VALIDATE_WORKSPACE = NO;
			};
			name = Debug;
		};
/* End XCBuildConfiguration section */

/* Begin XCConfigurationList section */
		DA4D2D1527422FE300678FA8 /* Build configuration list for PBXProject "DormitoryDelivery" */ = {
			isa = XCConfigurationList;
			buildConfigurations = (
				DA4D2D2727422FE500678FA8 /* Release */,
				DAA98A7E27D28F850040BD6F /* Debug */,
			);
			defaultConfigurationIsVisible = 0;
			defaultConfigurationName = Release;
		};
		DA4D2D2827422FE500678FA8 /* Build configuration list for PBXNativeTarget "DormitoryDelivery" */ = {
			isa = XCConfigurationList;
			buildConfigurations = (
				DA4D2D2A27422FE500678FA8 /* Release */,
				DAA98A7F27D28F850040BD6F /* Debug */,
			);
			defaultConfigurationIsVisible = 0;
			defaultConfigurationName = Release;
		};
/* End XCConfigurationList section */
	};
	rootObject = DA4D2D1227422FE300678FA8 /* Project object */;
}
