// !$*UTF8*$!
{
	archiveVersion = 1;
	classes = {
	};
	objectVersion = 55;
	objects = {

/* Begin PBXBuildFile section */
		2B3D521B3533FEE0A8A4E829 /* Pods_DormitoryDelivery.framework in Frameworks */ = {isa = PBXBuildFile; fileRef = E8B9CEFF718CF6B412D748A6 /* Pods_DormitoryDelivery.framework */; };
		DA12BE7227613BE800C08143 /* chat.swift in Sources */ = {isa = PBXBuildFile; fileRef = DA12BE7127613BE800C08143 /* chat.swift */; };
		DA12BE7427613C0500C08143 /* scrollview.swift in Sources */ = {isa = PBXBuildFile; fileRef = DA12BE7327613C0500C08143 /* scrollview.swift */; };
		DA12BE7627613C1A00C08143 /* bubble.swift in Sources */ = {isa = PBXBuildFile; fileRef = DA12BE7527613C1A00C08143 /* bubble.swift */; };
		DA12BE7A276156A300C08143 /* OderView.swift in Sources */ = {isa = PBXBuildFile; fileRef = DA12BE79276156A300C08143 /* OderView.swift */; };
		DA3C0177279ED5510090202E /* postOderFix.swift in Sources */ = {isa = PBXBuildFile; fileRef = DA3C0176279ED5510090202E /* postOderFix.swift */; };
		DA3C0179279EE5C90090202E /* OderCheckView.swift in Sources */ = {isa = PBXBuildFile; fileRef = DA3C0178279EE5C90090202E /* OderCheckView.swift */; };
		DA3C017B279EED000090202E /* ImagePicker.swift in Sources */ = {isa = PBXBuildFile; fileRef = DA3C017A279EED000090202E /* ImagePicker.swift */; };
		DA3C017D279F1BBE0090202E /* OderListCard.swift in Sources */ = {isa = PBXBuildFile; fileRef = DA3C017C279F1BBE0090202E /* OderListCard.swift */; };
		DA3C017F279F38380090202E /* KeyBoardState.swift in Sources */ = {isa = PBXBuildFile; fileRef = DA3C017E279F38380090202E /* KeyBoardState.swift */; };
		DA3D1CF2278322210096BA88 /* tabhidden.swift in Sources */ = {isa = PBXBuildFile; fileRef = DA3D1CF1278322210096BA88 /* tabhidden.swift */; };
		DA4D2D1E27422FE300678FA8 /* DormitoryDeliveryApp.swift in Sources */ = {isa = PBXBuildFile; fileRef = DA4D2D1D27422FE300678FA8 /* DormitoryDeliveryApp.swift */; };
		DA4D2D2027422FE300678FA8 /* ContentView.swift in Sources */ = {isa = PBXBuildFile; fileRef = DA4D2D1F27422FE300678FA8 /* ContentView.swift */; };
		DA4D2D2527422FE500678FA8 /* Preview Assets.xcassets in Resources */ = {isa = PBXBuildFile; fileRef = DA4D2D2427422FE500678FA8 /* Preview Assets.xcassets */; };
		DA4D2D2C2742306300678FA8 /* AppDelegate.swift in Sources */ = {isa = PBXBuildFile; fileRef = DA4D2D2B2742306300678FA8 /* AppDelegate.swift */; };
		DA4D2D2E2742309500678FA8 /* Launch Screen.storyboard in Resources */ = {isa = PBXBuildFile; fileRef = DA4D2D2D2742309500678FA8 /* Launch Screen.storyboard */; };
		DA4D2D362742378400678FA8 /* TabViews.swift in Sources */ = {isa = PBXBuildFile; fileRef = DA4D2D352742378400678FA8 /* TabViews.swift */; };
		DA518AD32798F70F00291CA0 /* CreateRoom.swift in Sources */ = {isa = PBXBuildFile; fileRef = DA518AD22798F70F00291CA0 /* CreateRoom.swift */; };
		DA518AD5279916FD00291CA0 /* RoomDetail.swift in Sources */ = {isa = PBXBuildFile; fileRef = DA518AD4279916FD00291CA0 /* RoomDetail.swift */; };
		DA518AD7279D798600291CA0 /* ChatSideMenu.swift in Sources */ = {isa = PBXBuildFile; fileRef = DA518AD6279D798600291CA0 /* ChatSideMenu.swift */; };
		DA518AD9279D936B00291CA0 /* naviTEXT.swift in Sources */ = {isa = PBXBuildFile; fileRef = DA518AD8279D936B00291CA0 /* naviTEXT.swift */; };
		DA518ADB279D965400291CA0 /* getRoomLeave.swift in Sources */ = {isa = PBXBuildFile; fileRef = DA518ADA279D965400291CA0 /* getRoomLeave.swift */; };
		DA518ADD279DE60900291CA0 /* postAddMenu.swift in Sources */ = {isa = PBXBuildFile; fileRef = DA518ADC279DE60900291CA0 /* postAddMenu.swift */; };
		DA518ADF279DE84300291CA0 /* Oder_.swift in Sources */ = {isa = PBXBuildFile; fileRef = DA518ADE279DE84300291CA0 /* Oder_.swift */; };
		DA518AE1279DECB300291CA0 /* OderListView.swift in Sources */ = {isa = PBXBuildFile; fileRef = DA518AE0279DECB300291CA0 /* OderListView.swift */; };
		DA518AE3279DED4000291CA0 /* getMenuList.swift in Sources */ = {isa = PBXBuildFile; fileRef = DA518AE2279DED4000291CA0 /* getMenuList.swift */; };
		DA518AE5279DF04500291CA0 /* getReady.swift in Sources */ = {isa = PBXBuildFile; fileRef = DA518AE4279DF04500291CA0 /* getReady.swift */; };
		DA6829E927A007B9008F53BB /* postOrderCheck.swift in Sources */ = {isa = PBXBuildFile; fileRef = DA6829E827A007B9008F53BB /* postOrderCheck.swift */; };
		DA6829EB27A00C01008F53BB /* UserOrderCheckView.swift in Sources */ = {isa = PBXBuildFile; fileRef = DA6829EA27A00C01008F53BB /* UserOrderCheckView.swift */; };
		DA6829ED27A0B170008F53BB /* getMenus.swift in Sources */ = {isa = PBXBuildFile; fileRef = DA6829EC27A0B170008F53BB /* getMenus.swift */; };
		DA6829EF27A0B724008F53BB /* OrderCard.swift in Sources */ = {isa = PBXBuildFile; fileRef = DA6829EE27A0B724008F53BB /* OrderCard.swift */; };
		DA6829F127A0DE5C008F53BB /* postMenuEdit.swift in Sources */ = {isa = PBXBuildFile; fileRef = DA6829F027A0DE5C008F53BB /* postMenuEdit.swift */; };
		DA8837AA275BC81C0034481F /* Assets.xcassets in Resources */ = {isa = PBXBuildFile; fileRef = DA4D2D2127422FE500678FA8 /* Assets.xcassets */; };
		DA9702BA275C8CC700BB8B53 /* hashtag.swift in Sources */ = {isa = PBXBuildFile; fileRef = DA9702B9275C8CC700BB8B53 /* hashtag.swift */; };
		DAAB680127A2DC7700B18B78 /* AlertOneButton.swift in Sources */ = {isa = PBXBuildFile; fileRef = DAAB680027A2DC7700B18B78 /* AlertOneButton.swift */; };
		DAAB680827A4434C00B18B78 /* CategoryView.swift in Sources */ = {isa = PBXBuildFile; fileRef = DAAB680727A4434C00B18B78 /* CategoryView.swift */; };
		DAB5E98C274364BC00EF5B6A /* Signup.swift in Sources */ = {isa = PBXBuildFile; fileRef = DAB5E98B274364BC00EF5B6A /* Signup.swift */; };
		DAB5E99027436B9B00EF5B6A /* DeliveryView.swift in Sources */ = {isa = PBXBuildFile; fileRef = DAB5E98F27436B9B00EF5B6A /* DeliveryView.swift */; };
		DAB5E992274374E100EF5B6A /* ChattingView.swift in Sources */ = {isa = PBXBuildFile; fileRef = DAB5E991274374E100EF5B6A /* ChattingView.swift */; };
		DAB5E9942743906400EF5B6A /* RoomCard.swift in Sources */ = {isa = PBXBuildFile; fileRef = DAB5E9932743906400EF5B6A /* RoomCard.swift */; };
		DABCFE5D2743ACCF00B89781 /* MyPage.swift in Sources */ = {isa = PBXBuildFile; fileRef = DABCFE5C2743ACCF00B89781 /* MyPage.swift */; };
		DABCFE632743B0F500B89781 /* CreateRoomView.swift in Sources */ = {isa = PBXBuildFile; fileRef = DABCFE622743B0F500B89781 /* CreateRoomView.swift */; };
		DAC252D2275B4E0100EA2BFD /* LoginView.swift in Sources */ = {isa = PBXBuildFile; fileRef = DAC252D1275B4E0100EA2BFD /* LoginView.swift */; };
		DAC252D8275B4EC800EA2BFD /* NaverLogin.swift in Sources */ = {isa = PBXBuildFile; fileRef = DAC252D7275B4EC800EA2BFD /* NaverLogin.swift */; };
		DAC252DA275B551B00EA2BFD /* Loading.swift in Sources */ = {isa = PBXBuildFile; fileRef = DAC252D9275B551B00EA2BFD /* Loading.swift */; };
		DAC45266275F522B00D05BB0 /* ChatDB.swift in Sources */ = {isa = PBXBuildFile; fileRef = DAC45265275F522B00D05BB0 /* ChatDB.swift */; };
		DAC45273275FEAAF00D05BB0 /* getRoomJoin.swift in Sources */ = {isa = PBXBuildFile; fileRef = DAC45272275FEAAF00D05BB0 /* getRoomJoin.swift */; };
		DAC45275275FEBA400D05BB0 /* postCreateRoom.swift in Sources */ = {isa = PBXBuildFile; fileRef = DAC45274275FEBA400D05BB0 /* postCreateRoom.swift */; };
		DAC4527E2760190600D05BB0 /* 디비_비우기.swift in Sources */ = {isa = PBXBuildFile; fileRef = DAC4527D2760190600D05BB0 /* 디비_비우기.swift */; };
		DAC4528027601EF200D05BB0 /* ChatCard.swift in Sources */ = {isa = PBXBuildFile; fileRef = DAC4527F27601EF200D05BB0 /* ChatCard.swift */; };
		DAC4528427603A5400D05BB0 /* HashTag.swift in Sources */ = {isa = PBXBuildFile; fileRef = DAC4528327603A5400D05BB0 /* HashTag.swift */; };
		DAE94525274654A9000C8D3D /* TEST.swift in Sources */ = {isa = PBXBuildFile; fileRef = DAE94524274654A9000C8D3D /* TEST.swift */; };
		DAE945272746560E000C8D3D /* SocketIOManager.swift in Sources */ = {isa = PBXBuildFile; fileRef = DAE945262746560E000C8D3D /* SocketIOManager.swift */; };
		DAEFF97D27607A03007E54D7 /* MessageCard.swift in Sources */ = {isa = PBXBuildFile; fileRef = DAEFF97C27607A03007E54D7 /* MessageCard.swift */; };
		DAF616D8275E3FE50011C508 /* getRoomDetail.swift in Sources */ = {isa = PBXBuildFile; fileRef = DAF616D7275E3FE50011C508 /* getRoomDetail.swift */; };
		DAF616DA275E7F300011C508 /* realmbackup.swift.swift in Sources */ = {isa = PBXBuildFile; fileRef = DAF616D9275E7F300011C508 /* realmbackup.swift.swift */; };
		DAFF71BF275D589400A45D29 /* CreateRoomData.swift in Sources */ = {isa = PBXBuildFile; fileRef = DAFF71BE275D589400A45D29 /* CreateRoomData.swift */; };
		DAFF71C1275D589D00A45D29 /* RoomData.swift in Sources */ = {isa = PBXBuildFile; fileRef = DAFF71C0275D589D00A45D29 /* RoomData.swift */; };
		DAFF71C3275D58A300A45D29 /* UserData.swift in Sources */ = {isa = PBXBuildFile; fileRef = DAFF71C2275D58A300A45D29 /* UserData.swift */; };
		DAFF71C5275D58C500A45D29 /* ChatData.swift in Sources */ = {isa = PBXBuildFile; fileRef = DAFF71C4275D58C500A45D29 /* ChatData.swift */; };
		DAFF71C7275D593300A45D29 /* ChatView.swift in Sources */ = {isa = PBXBuildFile; fileRef = DAFF71C6275D593300A45D29 /* ChatView.swift */; };
		DAFF71C9275D5A1700A45D29 /* 각종 모아두기.swift in Sources */ = {isa = PBXBuildFile; fileRef = DAFF71C8275D5A1700A45D29 /* 각종 모아두기.swift */; };
		DAFF71D1275D5FF900A45D29 /* SectionCategoryData.swift in Sources */ = {isa = PBXBuildFile; fileRef = DAFF71D0275D5FF900A45D29 /* SectionCategoryData.swift */; };
		DAFF71D3275D60D600A45D29 /* RoomDetailView.swift in Sources */ = {isa = PBXBuildFile; fileRef = DAFF71D2275D60D600A45D29 /* RoomDetailView.swift */; };
		DAFF71D5275DBEE900A45D29 /* ServerUrl.swift in Sources */ = {isa = PBXBuildFile; fileRef = DAFF71D4275DBEE900A45D29 /* ServerUrl.swift */; };
		DAFF71D7275DD50200A45D29 /* DateCheck.swift in Sources */ = {isa = PBXBuildFile; fileRef = DAFF71D6275DD50200A45D29 /* DateCheck.swift */; };
/* End PBXBuildFile section */

/* Begin PBXFileReference section */
		736BA1325AD7A59AFCD0C77A /* Pods-DormitoryDelivery.release.xcconfig */ = {isa = PBXFileReference; includeInIndex = 1; lastKnownFileType = text.xcconfig; name = "Pods-DormitoryDelivery.release.xcconfig"; path = "Target Support Files/Pods-DormitoryDelivery/Pods-DormitoryDelivery.release.xcconfig"; sourceTree = "<group>"; };
		8266E739250669536F01CDAC /* Pods-DormitoryDelivery.debug.xcconfig */ = {isa = PBXFileReference; includeInIndex = 1; lastKnownFileType = text.xcconfig; name = "Pods-DormitoryDelivery.debug.xcconfig"; path = "Target Support Files/Pods-DormitoryDelivery/Pods-DormitoryDelivery.debug.xcconfig"; sourceTree = "<group>"; };
		DA12BE7127613BE800C08143 /* chat.swift */ = {isa = PBXFileReference; lastKnownFileType = sourcecode.swift; path = chat.swift; sourceTree = "<group>"; };
		DA12BE7327613C0500C08143 /* scrollview.swift */ = {isa = PBXFileReference; lastKnownFileType = sourcecode.swift; path = scrollview.swift; sourceTree = "<group>"; };
		DA12BE7527613C1A00C08143 /* bubble.swift */ = {isa = PBXFileReference; lastKnownFileType = sourcecode.swift; path = bubble.swift; sourceTree = "<group>"; };
		DA12BE79276156A300C08143 /* OderView.swift */ = {isa = PBXFileReference; lastKnownFileType = sourcecode.swift; path = OderView.swift; sourceTree = "<group>"; };
		DA3C0176279ED5510090202E /* postOderFix.swift */ = {isa = PBXFileReference; lastKnownFileType = sourcecode.swift; path = postOderFix.swift; sourceTree = "<group>"; };
		DA3C0178279EE5C90090202E /* OderCheckView.swift */ = {isa = PBXFileReference; lastKnownFileType = sourcecode.swift; path = OderCheckView.swift; sourceTree = "<group>"; };
		DA3C017A279EED000090202E /* ImagePicker.swift */ = {isa = PBXFileReference; lastKnownFileType = sourcecode.swift; path = ImagePicker.swift; sourceTree = "<group>"; };
		DA3C017C279F1BBE0090202E /* OderListCard.swift */ = {isa = PBXFileReference; lastKnownFileType = sourcecode.swift; path = OderListCard.swift; sourceTree = "<group>"; };
		DA3C017E279F38380090202E /* KeyBoardState.swift */ = {isa = PBXFileReference; lastKnownFileType = sourcecode.swift; path = KeyBoardState.swift; sourceTree = "<group>"; };
		DA3D1CF1278322210096BA88 /* tabhidden.swift */ = {isa = PBXFileReference; lastKnownFileType = sourcecode.swift; path = tabhidden.swift; sourceTree = "<group>"; };
		DA4D2D1A27422FE300678FA8 /* DormitoryDelivery.app */ = {isa = PBXFileReference; explicitFileType = wrapper.application; includeInIndex = 0; path = DormitoryDelivery.app; sourceTree = BUILT_PRODUCTS_DIR; };
		DA4D2D1D27422FE300678FA8 /* DormitoryDeliveryApp.swift */ = {isa = PBXFileReference; lastKnownFileType = sourcecode.swift; path = DormitoryDeliveryApp.swift; sourceTree = "<group>"; };
		DA4D2D1F27422FE300678FA8 /* ContentView.swift */ = {isa = PBXFileReference; lastKnownFileType = sourcecode.swift; path = ContentView.swift; sourceTree = "<group>"; };
		DA4D2D2127422FE500678FA8 /* Assets.xcassets */ = {isa = PBXFileReference; lastKnownFileType = folder.assetcatalog; name = Assets.xcassets; path = DormitoryDelivery/Assets.xcassets; sourceTree = SOURCE_ROOT; };
		DA4D2D2427422FE500678FA8 /* Preview Assets.xcassets */ = {isa = PBXFileReference; lastKnownFileType = folder.assetcatalog; path = "Preview Assets.xcassets"; sourceTree = "<group>"; };
		DA4D2D2B2742306300678FA8 /* AppDelegate.swift */ = {isa = PBXFileReference; lastKnownFileType = sourcecode.swift; path = AppDelegate.swift; sourceTree = "<group>"; };
		DA4D2D2D2742309500678FA8 /* Launch Screen.storyboard */ = {isa = PBXFileReference; lastKnownFileType = file.storyboard; path = "Launch Screen.storyboard"; sourceTree = "<group>"; };
		DA4D2D352742378400678FA8 /* TabViews.swift */ = {isa = PBXFileReference; lastKnownFileType = sourcecode.swift; path = TabViews.swift; sourceTree = "<group>"; };
		DA518AD22798F70F00291CA0 /* CreateRoom.swift */ = {isa = PBXFileReference; lastKnownFileType = sourcecode.swift; path = CreateRoom.swift; sourceTree = "<group>"; };
		DA518AD4279916FD00291CA0 /* RoomDetail.swift */ = {isa = PBXFileReference; lastKnownFileType = sourcecode.swift; path = RoomDetail.swift; sourceTree = "<group>"; };
		DA518AD6279D798600291CA0 /* ChatSideMenu.swift */ = {isa = PBXFileReference; lastKnownFileType = sourcecode.swift; path = ChatSideMenu.swift; sourceTree = "<group>"; };
		DA518AD8279D936B00291CA0 /* naviTEXT.swift */ = {isa = PBXFileReference; lastKnownFileType = sourcecode.swift; path = naviTEXT.swift; sourceTree = "<group>"; };
		DA518ADA279D965400291CA0 /* getRoomLeave.swift */ = {isa = PBXFileReference; lastKnownFileType = sourcecode.swift; path = getRoomLeave.swift; sourceTree = "<group>"; };
		DA518ADC279DE60900291CA0 /* postAddMenu.swift */ = {isa = PBXFileReference; lastKnownFileType = sourcecode.swift; path = postAddMenu.swift; sourceTree = "<group>"; };
		DA518ADE279DE84300291CA0 /* Oder_.swift */ = {isa = PBXFileReference; lastKnownFileType = sourcecode.swift; path = Oder_.swift; sourceTree = "<group>"; };
		DA518AE0279DECB300291CA0 /* OderListView.swift */ = {isa = PBXFileReference; lastKnownFileType = sourcecode.swift; path = OderListView.swift; sourceTree = "<group>"; };
		DA518AE2279DED4000291CA0 /* getMenuList.swift */ = {isa = PBXFileReference; lastKnownFileType = sourcecode.swift; path = getMenuList.swift; sourceTree = "<group>"; };
		DA518AE4279DF04500291CA0 /* getReady.swift */ = {isa = PBXFileReference; lastKnownFileType = sourcecode.swift; path = getReady.swift; sourceTree = "<group>"; };
		DA6829E827A007B9008F53BB /* postOrderCheck.swift */ = {isa = PBXFileReference; lastKnownFileType = sourcecode.swift; path = postOrderCheck.swift; sourceTree = "<group>"; };
		DA6829EA27A00C01008F53BB /* UserOrderCheckView.swift */ = {isa = PBXFileReference; lastKnownFileType = sourcecode.swift; path = UserOrderCheckView.swift; sourceTree = "<group>"; };
		DA6829EC27A0B170008F53BB /* getMenus.swift */ = {isa = PBXFileReference; lastKnownFileType = sourcecode.swift; path = getMenus.swift; sourceTree = "<group>"; };
		DA6829EE27A0B724008F53BB /* OrderCard.swift */ = {isa = PBXFileReference; lastKnownFileType = sourcecode.swift; path = OrderCard.swift; sourceTree = "<group>"; };
		DA6829F027A0DE5C008F53BB /* postMenuEdit.swift */ = {isa = PBXFileReference; lastKnownFileType = sourcecode.swift; path = postMenuEdit.swift; sourceTree = "<group>"; };
		DA9702B9275C8CC700BB8B53 /* hashtag.swift */ = {isa = PBXFileReference; lastKnownFileType = sourcecode.swift; path = hashtag.swift; sourceTree = "<group>"; };
		DAAB680027A2DC7700B18B78 /* AlertOneButton.swift */ = {isa = PBXFileReference; lastKnownFileType = sourcecode.swift; path = AlertOneButton.swift; sourceTree = "<group>"; };
		DAAB680727A4434C00B18B78 /* CategoryView.swift */ = {isa = PBXFileReference; lastKnownFileType = sourcecode.swift; path = CategoryView.swift; sourceTree = "<group>"; };
		DAB5E98B274364BC00EF5B6A /* Signup.swift */ = {isa = PBXFileReference; lastKnownFileType = sourcecode.swift; path = Signup.swift; sourceTree = "<group>"; };
		DAB5E98F27436B9B00EF5B6A /* DeliveryView.swift */ = {isa = PBXFileReference; lastKnownFileType = sourcecode.swift; path = DeliveryView.swift; sourceTree = "<group>"; };
		DAB5E991274374E100EF5B6A /* ChattingView.swift */ = {isa = PBXFileReference; lastKnownFileType = sourcecode.swift; path = ChattingView.swift; sourceTree = "<group>"; };
		DAB5E9932743906400EF5B6A /* RoomCard.swift */ = {isa = PBXFileReference; lastKnownFileType = sourcecode.swift; path = RoomCard.swift; sourceTree = "<group>"; };
		DABCFE5C2743ACCF00B89781 /* MyPage.swift */ = {isa = PBXFileReference; lastKnownFileType = sourcecode.swift; path = MyPage.swift; sourceTree = "<group>"; };
		DABCFE622743B0F500B89781 /* CreateRoomView.swift */ = {isa = PBXFileReference; lastKnownFileType = sourcecode.swift; path = CreateRoomView.swift; sourceTree = "<group>"; };
		DAC252D1275B4E0100EA2BFD /* LoginView.swift */ = {isa = PBXFileReference; lastKnownFileType = sourcecode.swift; path = LoginView.swift; sourceTree = "<group>"; };
		DAC252D7275B4EC800EA2BFD /* NaverLogin.swift */ = {isa = PBXFileReference; lastKnownFileType = sourcecode.swift; path = NaverLogin.swift; sourceTree = "<group>"; };
		DAC252D9275B551B00EA2BFD /* Loading.swift */ = {isa = PBXFileReference; lastKnownFileType = sourcecode.swift; path = Loading.swift; sourceTree = "<group>"; };
		DAC45265275F522B00D05BB0 /* ChatDB.swift */ = {isa = PBXFileReference; lastKnownFileType = sourcecode.swift; path = ChatDB.swift; sourceTree = "<group>"; };
		DAC45272275FEAAF00D05BB0 /* getRoomJoin.swift */ = {isa = PBXFileReference; lastKnownFileType = sourcecode.swift; path = getRoomJoin.swift; sourceTree = "<group>"; };
		DAC45274275FEBA400D05BB0 /* postCreateRoom.swift */ = {isa = PBXFileReference; lastKnownFileType = sourcecode.swift; path = postCreateRoom.swift; sourceTree = "<group>"; };
		DAC4527D2760190600D05BB0 /* 디비_비우기.swift */ = {isa = PBXFileReference; lastKnownFileType = sourcecode.swift; path = "디비_비우기.swift"; sourceTree = "<group>"; };
		DAC4527F27601EF200D05BB0 /* ChatCard.swift */ = {isa = PBXFileReference; lastKnownFileType = sourcecode.swift; path = ChatCard.swift; sourceTree = "<group>"; };
		DAC4528327603A5400D05BB0 /* HashTag.swift */ = {isa = PBXFileReference; lastKnownFileType = sourcecode.swift; path = HashTag.swift; sourceTree = "<group>"; };
		DAE94524274654A9000C8D3D /* TEST.swift */ = {isa = PBXFileReference; lastKnownFileType = sourcecode.swift; path = TEST.swift; sourceTree = "<group>"; };
		DAE945262746560E000C8D3D /* SocketIOManager.swift */ = {isa = PBXFileReference; lastKnownFileType = sourcecode.swift; path = SocketIOManager.swift; sourceTree = "<group>"; };
		DAE9452C274671F4000C8D3D /* info.plist */ = {isa = PBXFileReference; lastKnownFileType = text.plist; path = info.plist; sourceTree = SOURCE_ROOT; };
		DAEFF97C27607A03007E54D7 /* MessageCard.swift */ = {isa = PBXFileReference; lastKnownFileType = sourcecode.swift; path = MessageCard.swift; sourceTree = "<group>"; };
		DAF616D7275E3FE50011C508 /* getRoomDetail.swift */ = {isa = PBXFileReference; lastKnownFileType = sourcecode.swift; path = getRoomDetail.swift; sourceTree = "<group>"; };
		DAF616D9275E7F300011C508 /* realmbackup.swift.swift */ = {isa = PBXFileReference; lastKnownFileType = sourcecode.swift; path = realmbackup.swift.swift; sourceTree = "<group>"; };
		DAFF71BE275D589400A45D29 /* CreateRoomData.swift */ = {isa = PBXFileReference; lastKnownFileType = sourcecode.swift; path = CreateRoomData.swift; sourceTree = "<group>"; };
		DAFF71C0275D589D00A45D29 /* RoomData.swift */ = {isa = PBXFileReference; lastKnownFileType = sourcecode.swift; path = RoomData.swift; sourceTree = "<group>"; };
		DAFF71C2275D58A300A45D29 /* UserData.swift */ = {isa = PBXFileReference; lastKnownFileType = sourcecode.swift; path = UserData.swift; sourceTree = "<group>"; };
		DAFF71C4275D58C500A45D29 /* ChatData.swift */ = {isa = PBXFileReference; lastKnownFileType = sourcecode.swift; path = ChatData.swift; sourceTree = "<group>"; };
		DAFF71C6275D593300A45D29 /* ChatView.swift */ = {isa = PBXFileReference; lastKnownFileType = sourcecode.swift; path = ChatView.swift; sourceTree = "<group>"; };
		DAFF71C8275D5A1700A45D29 /* 각종 모아두기.swift */ = {isa = PBXFileReference; lastKnownFileType = sourcecode.swift; path = "각종 모아두기.swift"; sourceTree = "<group>"; };
		DAFF71D0275D5FF900A45D29 /* SectionCategoryData.swift */ = {isa = PBXFileReference; lastKnownFileType = sourcecode.swift; path = SectionCategoryData.swift; sourceTree = "<group>"; };
		DAFF71D2275D60D600A45D29 /* RoomDetailView.swift */ = {isa = PBXFileReference; lastKnownFileType = sourcecode.swift; path = RoomDetailView.swift; sourceTree = "<group>"; };
		DAFF71D4275DBEE900A45D29 /* ServerUrl.swift */ = {isa = PBXFileReference; lastKnownFileType = sourcecode.swift; path = ServerUrl.swift; sourceTree = "<group>"; };
		DAFF71D6275DD50200A45D29 /* DateCheck.swift */ = {isa = PBXFileReference; lastKnownFileType = sourcecode.swift; path = DateCheck.swift; sourceTree = "<group>"; };
		E8B9CEFF718CF6B412D748A6 /* Pods_DormitoryDelivery.framework */ = {isa = PBXFileReference; explicitFileType = wrapper.framework; includeInIndex = 0; path = Pods_DormitoryDelivery.framework; sourceTree = BUILT_PRODUCTS_DIR; };
/* End PBXFileReference section */

/* Begin PBXFrameworksBuildPhase section */
		DA4D2D1727422FE300678FA8 /* Frameworks */ = {
			isa = PBXFrameworksBuildPhase;
			buildActionMask = 2147483647;
			files = (
				2B3D521B3533FEE0A8A4E829 /* Pods_DormitoryDelivery.framework in Frameworks */,
			);
			runOnlyForDeploymentPostprocessing = 0;
		};
/* End PBXFrameworksBuildPhase section */

/* Begin PBXGroup section */
		9241FD044F9FDD77BC065DA6 /* Frameworks */ = {
			isa = PBXGroup;
			children = (
				E8B9CEFF718CF6B412D748A6 /* Pods_DormitoryDelivery.framework */,
			);
			name = Frameworks;
			sourceTree = "<group>";
		};
		96602EC5794014BD04662618 /* Pods */ = {
			isa = PBXGroup;
			children = (
				8266E739250669536F01CDAC /* Pods-DormitoryDelivery.debug.xcconfig */,
				736BA1325AD7A59AFCD0C77A /* Pods-DormitoryDelivery.release.xcconfig */,
			);
			path = Pods;
			sourceTree = "<group>";
		};
		DA12BE7027613BDA00C08143 /* chatets */ = {
			isa = PBXGroup;
			children = (
				DA12BE7127613BE800C08143 /* chat.swift */,
				DA3C0178279EE5C90090202E /* OderCheckView.swift */,
				DA3C017A279EED000090202E /* ImagePicker.swift */,
				DA3C017E279F38380090202E /* KeyBoardState.swift */,
				DA6829EA27A00C01008F53BB /* UserOrderCheckView.swift */,
				DA518AD6279D798600291CA0 /* ChatSideMenu.swift */,
				DA518AE0279DECB300291CA0 /* OderListView.swift */,
				DA3C017C279F1BBE0090202E /* OderListCard.swift */,
				DA3D1CF1278322210096BA88 /* tabhidden.swift */,
				DA12BE7327613C0500C08143 /* scrollview.swift */,
				DA12BE7527613C1A00C08143 /* bubble.swift */,
			);
			path = chatets;
			sourceTree = "<group>";
		};
		DA4D2D1127422FE300678FA8 = {
			isa = PBXGroup;
			children = (
				DA4D2D1C27422FE300678FA8 /* DormitoryDelivery */,
				DA4D2D1B27422FE300678FA8 /* Products */,
				96602EC5794014BD04662618 /* Pods */,
				9241FD044F9FDD77BC065DA6 /* Frameworks */,
			);
			sourceTree = "<group>";
		};
		DA4D2D1B27422FE300678FA8 /* Products */ = {
			isa = PBXGroup;
			children = (
				DA4D2D1A27422FE300678FA8 /* DormitoryDelivery.app */,
			);
			name = Products;
			sourceTree = "<group>";
		};
		DA4D2D1C27422FE300678FA8 /* DormitoryDelivery */ = {
			isa = PBXGroup;
			children = (
				DAC45271275FEA9500D05BB0 /* REST_Function */,
				DAC45264275F521500D05BB0 /* Databases */,
				DAFF71B7275D577B00A45D29 /* Module */,
				DAE9452C274671F4000C8D3D /* info.plist */,
				DA4D2D2B2742306300678FA8 /* AppDelegate.swift */,
				DA4D2D1D27422FE300678FA8 /* DormitoryDeliveryApp.swift */,
				DA4D2D1F27422FE300678FA8 /* ContentView.swift */,
				DA518AD8279D936B00291CA0 /* naviTEXT.swift */,
				DAC4527A27600E4900D05BB0 /* LoginSignupLoading */,
				DA4D2D352742378400678FA8 /* TabViews.swift */,
				DABCFE602743AEC900B89781 /* Delivery */,
				DABCFE612743AED000B89781 /* CreateRoom */,
				DAFF71B4275D571C00A45D29 /* Chatting */,
				DAFF71B5275D572900A45D29 /* MyPage */,
				DABCFE5F2743AE8900B89781 /* Data */,
				DAFF71B6275D576500A45D29 /* TEST */,
				DA4D2D2127422FE500678FA8 /* Assets.xcassets */,
				DA4D2D2D2742309500678FA8 /* Launch Screen.storyboard */,
				DA4D2D2327422FE500678FA8 /* Preview Content */,
			);
			path = DormitoryDelivery;
			sourceTree = "<group>";
		};
		DA4D2D2327422FE500678FA8 /* Preview Content */ = {
			isa = PBXGroup;
			children = (
				DA4D2D2427422FE500678FA8 /* Preview Assets.xcassets */,
			);
			path = "Preview Content";
			sourceTree = "<group>";
		};
		DABCFE5F2743AE8900B89781 /* Data */ = {
			isa = PBXGroup;
			children = (
				DAFF71BE275D589400A45D29 /* CreateRoomData.swift */,
				DAFF71C0275D589D00A45D29 /* RoomData.swift */,
				DAFF71C2275D58A300A45D29 /* UserData.swift */,
				DAFF71C4275D58C500A45D29 /* ChatData.swift */,
				DAFF71D0275D5FF900A45D29 /* SectionCategoryData.swift */,
				DAFF71D4275DBEE900A45D29 /* ServerUrl.swift */,
			);
			path = Data;
			sourceTree = "<group>";
		};
		DABCFE602743AEC900B89781 /* Delivery */ = {
			isa = PBXGroup;
			children = (
				DAB5E98F27436B9B00EF5B6A /* DeliveryView.swift */,
				DAC4528327603A5400D05BB0 /* HashTag.swift */,
				DAB5E9932743906400EF5B6A /* RoomCard.swift */,
				DAFF71D2275D60D600A45D29 /* RoomDetailView.swift */,
				DA518AD4279916FD00291CA0 /* RoomDetail.swift */,
				DA12BE79276156A300C08143 /* OderView.swift */,
				DAAB680027A2DC7700B18B78 /* AlertOneButton.swift */,
				DA6829EE27A0B724008F53BB /* OrderCard.swift */,
				DA518ADE279DE84300291CA0 /* Oder_.swift */,
			);
			path = Delivery;
			sourceTree = "<group>";
		};
		DABCFE612743AED000B89781 /* CreateRoom */ = {
			isa = PBXGroup;
			children = (
				DABCFE622743B0F500B89781 /* CreateRoomView.swift */,
				DAAB680727A4434C00B18B78 /* CategoryView.swift */,
				DA518AD22798F70F00291CA0 /* CreateRoom.swift */,
			);
			path = CreateRoom;
			sourceTree = "<group>";
		};
		DAC45264275F521500D05BB0 /* Databases */ = {
			isa = PBXGroup;
			children = (
				DAC45265275F522B00D05BB0 /* ChatDB.swift */,
			);
			path = Databases;
			sourceTree = "<group>";
		};
		DAC45271275FEA9500D05BB0 /* REST_Function */ = {
			isa = PBXGroup;
			children = (
				DAF616D7275E3FE50011C508 /* getRoomDetail.swift */,
				DAC45272275FEAAF00D05BB0 /* getRoomJoin.swift */,
				DAC45274275FEBA400D05BB0 /* postCreateRoom.swift */,
				DA518ADC279DE60900291CA0 /* postAddMenu.swift */,
				DA6829F027A0DE5C008F53BB /* postMenuEdit.swift */,
				DA518ADA279D965400291CA0 /* getRoomLeave.swift */,
				DA518AE2279DED4000291CA0 /* getMenuList.swift */,
				DA6829EC27A0B170008F53BB /* getMenus.swift */,
				DA518AE4279DF04500291CA0 /* getReady.swift */,
				DA3C0176279ED5510090202E /* postOderFix.swift */,
				DA6829E827A007B9008F53BB /* postOrderCheck.swift */,
			);
			path = REST_Function;
			sourceTree = "<group>";
		};
		DAC4527A27600E4900D05BB0 /* LoginSignupLoading */ = {
			isa = PBXGroup;
			children = (
				DAC252D1275B4E0100EA2BFD /* LoginView.swift */,
				DAB5E98B274364BC00EF5B6A /* Signup.swift */,
				DAC252D9275B551B00EA2BFD /* Loading.swift */,
			);
			path = LoginSignupLoading;
			sourceTree = "<group>";
		};
		DAFF71B4275D571C00A45D29 /* Chatting */ = {
			isa = PBXGroup;
			children = (
				DAFF71C6275D593300A45D29 /* ChatView.swift */,
				DAC4527F27601EF200D05BB0 /* ChatCard.swift */,
				DAB5E991274374E100EF5B6A /* ChattingView.swift */,
				DAEFF97C27607A03007E54D7 /* MessageCard.swift */,
			);
			path = Chatting;
			sourceTree = "<group>";
		};
		DAFF71B5275D572900A45D29 /* MyPage */ = {
			isa = PBXGroup;
			children = (
				DABCFE5C2743ACCF00B89781 /* MyPage.swift */,
			);
			path = MyPage;
			sourceTree = "<group>";
		};
		DAFF71B6275D576500A45D29 /* TEST */ = {
			isa = PBXGroup;
			children = (
				DA12BE7027613BDA00C08143 /* chatets */,
				DAE94524274654A9000C8D3D /* TEST.swift */,
				DAFF71C8275D5A1700A45D29 /* 각종 모아두기.swift */,
				DA9702B9275C8CC700BB8B53 /* hashtag.swift */,
				DAF616D9275E7F300011C508 /* realmbackup.swift.swift */,
				DAC4527D2760190600D05BB0 /* 디비_비우기.swift */,
			);
			path = TEST;
			sourceTree = "<group>";
		};
		DAFF71B7275D577B00A45D29 /* Module */ = {
			isa = PBXGroup;
			children = (
				DAE945262746560E000C8D3D /* SocketIOManager.swift */,
				DAC252D7275B4EC800EA2BFD /* NaverLogin.swift */,
				DAFF71D6275DD50200A45D29 /* DateCheck.swift */,
			);
			path = Module;
			sourceTree = "<group>";
		};
/* End PBXGroup section */

/* Begin PBXNativeTarget section */
		DA4D2D1927422FE300678FA8 /* DormitoryDelivery */ = {
			isa = PBXNativeTarget;
			buildConfigurationList = DA4D2D2827422FE500678FA8 /* Build configuration list for PBXNativeTarget "DormitoryDelivery" */;
			buildPhases = (
				3E8205C95EBE681393D40E16 /* [CP] Check Pods Manifest.lock */,
				DA4D2D1627422FE300678FA8 /* Sources */,
				DA4D2D1727422FE300678FA8 /* Frameworks */,
				DA4D2D1827422FE300678FA8 /* Resources */,
				58925DC375224D593741E8BF /* [CP] Embed Pods Frameworks */,
			);
			buildRules = (
			);
			dependencies = (
			);
			name = DormitoryDelivery;
			packageProductDependencies = (
			);
			productName = DormitoryDelivery;
			productReference = DA4D2D1A27422FE300678FA8 /* DormitoryDelivery.app */;
			productType = "com.apple.product-type.application";
		};
/* End PBXNativeTarget section */

/* Begin PBXProject section */
		DA4D2D1227422FE300678FA8 /* Project object */ = {
			isa = PBXProject;
			attributes = {
				BuildIndependentTargetsInParallel = 1;
				LastSwiftUpdateCheck = 1310;
				LastUpgradeCheck = 1310;
				TargetAttributes = {
					DA4D2D1927422FE300678FA8 = {
						CreatedOnToolsVersion = 13.1;
					};
				};
			};
			buildConfigurationList = DA4D2D1527422FE300678FA8 /* Build configuration list for PBXProject "DormitoryDelivery" */;
			compatibilityVersion = "Xcode 13.0";
			developmentRegion = en;
			hasScannedForEncodings = 0;
			knownRegions = (
				en,
				Base,
			);
			mainGroup = DA4D2D1127422FE300678FA8;
			packageReferences = (
			);
			productRefGroup = DA4D2D1B27422FE300678FA8 /* Products */;
			projectDirPath = "";
			projectRoot = "";
			targets = (
				DA4D2D1927422FE300678FA8 /* DormitoryDelivery */,
			);
		};
/* End PBXProject section */

/* Begin PBXResourcesBuildPhase section */
		DA4D2D1827422FE300678FA8 /* Resources */ = {
			isa = PBXResourcesBuildPhase;
			buildActionMask = 2147483647;
			files = (
				DA4D2D2E2742309500678FA8 /* Launch Screen.storyboard in Resources */,
				DA8837AA275BC81C0034481F /* Assets.xcassets in Resources */,
				DA4D2D2527422FE500678FA8 /* Preview Assets.xcassets in Resources */,
			);
			runOnlyForDeploymentPostprocessing = 0;
		};
/* End PBXResourcesBuildPhase section */

/* Begin PBXShellScriptBuildPhase section */
		3E8205C95EBE681393D40E16 /* [CP] Check Pods Manifest.lock */ = {
			isa = PBXShellScriptBuildPhase;
			buildActionMask = 2147483647;
			files = (
			);
			inputFileListPaths = (
			);
			inputPaths = (
				"${PODS_PODFILE_DIR_PATH}/Podfile.lock",
				"${PODS_ROOT}/Manifest.lock",
			);
			name = "[CP] Check Pods Manifest.lock";
			outputFileListPaths = (
			);
			outputPaths = (
				"$(DERIVED_FILE_DIR)/Pods-DormitoryDelivery-checkManifestLockResult.txt",
			);
			runOnlyForDeploymentPostprocessing = 0;
			shellPath = /bin/sh;
			shellScript = "diff \"${PODS_PODFILE_DIR_PATH}/Podfile.lock\" \"${PODS_ROOT}/Manifest.lock\" > /dev/null\nif [ $? != 0 ] ; then\n    # print error to STDERR\n    echo \"error: The sandbox is not in sync with the Podfile.lock. Run 'pod install' or update your CocoaPods installation.\" >&2\n    exit 1\nfi\n# This output is used by Xcode 'outputs' to avoid re-running this script phase.\necho \"SUCCESS\" > \"${SCRIPT_OUTPUT_FILE_0}\"\n";
			showEnvVarsInLog = 0;
		};
		58925DC375224D593741E8BF /* [CP] Embed Pods Frameworks */ = {
			isa = PBXShellScriptBuildPhase;
			buildActionMask = 2147483647;
			files = (
			);
			inputFileListPaths = (
				"${PODS_ROOT}/Target Support Files/Pods-DormitoryDelivery/Pods-DormitoryDelivery-frameworks-${CONFIGURATION}-input-files.xcfilelist",
			);
			name = "[CP] Embed Pods Frameworks";
			outputFileListPaths = (
				"${PODS_ROOT}/Target Support Files/Pods-DormitoryDelivery/Pods-DormitoryDelivery-frameworks-${CONFIGURATION}-output-files.xcfilelist",
			);
			runOnlyForDeploymentPostprocessing = 0;
			shellPath = /bin/sh;
			shellScript = "\"${PODS_ROOT}/Target Support Files/Pods-DormitoryDelivery/Pods-DormitoryDelivery-frameworks.sh\"\n";
			showEnvVarsInLog = 0;
		};
/* End PBXShellScriptBuildPhase section */

/* Begin PBXSourcesBuildPhase section */
		DA4D2D1627422FE300678FA8 /* Sources */ = {
			isa = PBXSourcesBuildPhase;
			buildActionMask = 2147483647;
			files = (
				DAFF71BF275D589400A45D29 /* CreateRoomData.swift in Sources */,
				DAB5E98C274364BC00EF5B6A /* Signup.swift in Sources */,
				DABCFE5D2743ACCF00B89781 /* MyPage.swift in Sources */,
				DA6829ED27A0B170008F53BB /* getMenus.swift in Sources */,
				DAFF71C5275D58C500A45D29 /* ChatData.swift in Sources */,
				DAFF71C7275D593300A45D29 /* ChatView.swift in Sources */,
				DA6829F127A0DE5C008F53BB /* postMenuEdit.swift in Sources */,
				DA4D2D2C2742306300678FA8 /* AppDelegate.swift in Sources */,
				DA518ADF279DE84300291CA0 /* Oder_.swift in Sources */,
				DA6829E927A007B9008F53BB /* postOrderCheck.swift in Sources */,
				DA518AE3279DED4000291CA0 /* getMenuList.swift in Sources */,
				DAF616DA275E7F300011C508 /* realmbackup.swift.swift in Sources */,
				DA518ADB279D965400291CA0 /* getRoomLeave.swift in Sources */,
				DAEFF97D27607A03007E54D7 /* MessageCard.swift in Sources */,
				DA6829EB27A00C01008F53BB /* UserOrderCheckView.swift in Sources */,
				DAC252D8275B4EC800EA2BFD /* NaverLogin.swift in Sources */,
				DA518AD5279916FD00291CA0 /* RoomDetail.swift in Sources */,
				DAC4528027601EF200D05BB0 /* ChatCard.swift in Sources */,
				DA518ADD279DE60900291CA0 /* postAddMenu.swift in Sources */,
				DAC252D2275B4E0100EA2BFD /* LoginView.swift in Sources */,
				DAC45275275FEBA400D05BB0 /* postCreateRoom.swift in Sources */,
				DA4D2D2027422FE300678FA8 /* ContentView.swift in Sources */,
				DA3C017F279F38380090202E /* KeyBoardState.swift in Sources */,
				DA12BE7227613BE800C08143 /* chat.swift in Sources */,
				DAAB680827A4434C00B18B78 /* CategoryView.swift in Sources */,
				DA6829EF27A0B724008F53BB /* OrderCard.swift in Sources */,
				DA4D2D1E27422FE300678FA8 /* DormitoryDeliveryApp.swift in Sources */,
				DA9702BA275C8CC700BB8B53 /* hashtag.swift in Sources */,
				DAB5E9942743906400EF5B6A /* RoomCard.swift in Sources */,
				DAFF71C9275D5A1700A45D29 /* 각종 모아두기.swift in Sources */,
				DAFF71D1275D5FF900A45D29 /* SectionCategoryData.swift in Sources */,
				DAC4527E2760190600D05BB0 /* 디비_비우기.swift in Sources */,
				DAE945272746560E000C8D3D /* SocketIOManager.swift in Sources */,
				DA12BE7A276156A300C08143 /* OderView.swift in Sources */,
				DAFF71D3275D60D600A45D29 /* RoomDetailView.swift in Sources */,
				DAFF71C3275D58A300A45D29 /* UserData.swift in Sources */,
				DA3C0177279ED5510090202E /* postOderFix.swift in Sources */,
				DAB5E992274374E100EF5B6A /* ChattingView.swift in Sources */,
				DA518AE5279DF04500291CA0 /* getReady.swift in Sources */,
				DAAB680127A2DC7700B18B78 /* AlertOneButton.swift in Sources */,
				DAC4528427603A5400D05BB0 /* HashTag.swift in Sources */,
				DA12BE7627613C1A00C08143 /* bubble.swift in Sources */,
				DABCFE632743B0F500B89781 /* CreateRoomView.swift in Sources */,
				DAFF71D5275DBEE900A45D29 /* ServerUrl.swift in Sources */,
				DA3D1CF2278322210096BA88 /* tabhidden.swift in Sources */,
				DA3C0179279EE5C90090202E /* OderCheckView.swift in Sources */,
				DAC252DA275B551B00EA2BFD /* Loading.swift in Sources */,
				DA518AD7279D798600291CA0 /* ChatSideMenu.swift in Sources */,
				DA518AD32798F70F00291CA0 /* CreateRoom.swift in Sources */,
				DAC45273275FEAAF00D05BB0 /* getRoomJoin.swift in Sources */,
				DAE94525274654A9000C8D3D /* TEST.swift in Sources */,
				DA4D2D362742378400678FA8 /* TabViews.swift in Sources */,
				DAFF71D7275DD50200A45D29 /* DateCheck.swift in Sources */,
				DAFF71C1275D589D00A45D29 /* RoomData.swift in Sources */,
				DAB5E99027436B9B00EF5B6A /* DeliveryView.swift in Sources */,
				DA3C017D279F1BBE0090202E /* OderListCard.swift in Sources */,
				DA518AD9279D936B00291CA0 /* naviTEXT.swift in Sources */,
				DA12BE7427613C0500C08143 /* scrollview.swift in Sources */,
				DAF616D8275E3FE50011C508 /* getRoomDetail.swift in Sources */,
				DA518AE1279DECB300291CA0 /* OderListView.swift in Sources */,
				DA3C017B279EED000090202E /* ImagePicker.swift in Sources */,
				DAC45266275F522B00D05BB0 /* ChatDB.swift in Sources */,
			);
			runOnlyForDeploymentPostprocessing = 0;
		};
/* End PBXSourcesBuildPhase section */

/* Begin XCBuildConfiguration section */
		DA4D2D2627422FE500678FA8 /* Debug */ = {
			isa = XCBuildConfiguration;
			buildSettings = {
				ALWAYS_SEARCH_USER_PATHS = NO;
				CLANG_ANALYZER_NONNULL = YES;
				CLANG_ANALYZER_NUMBER_OBJECT_CONVERSION = YES_AGGRESSIVE;
				CLANG_CXX_LANGUAGE_STANDARD = "gnu++17";
				CLANG_CXX_LIBRARY = "libc++";
				CLANG_ENABLE_MODULES = YES;
				CLANG_ENABLE_OBJC_ARC = YES;
				CLANG_ENABLE_OBJC_WEAK = YES;
				CLANG_WARN_BLOCK_CAPTURE_AUTORELEASING = YES;
				CLANG_WARN_BOOL_CONVERSION = YES;
				CLANG_WARN_COMMA = YES;
				CLANG_WARN_CONSTANT_CONVERSION = YES;
				CLANG_WARN_DEPRECATED_OBJC_IMPLEMENTATIONS = YES;
				CLANG_WARN_DIRECT_OBJC_ISA_USAGE = YES_ERROR;
				CLANG_WARN_DOCUMENTATION_COMMENTS = YES;
				CLANG_WARN_EMPTY_BODY = YES;
				CLANG_WARN_ENUM_CONVERSION = YES;
				CLANG_WARN_INFINITE_RECURSION = YES;
				CLANG_WARN_INT_CONVERSION = YES;
				CLANG_WARN_NON_LITERAL_NULL_CONVERSION = YES;
				CLANG_WARN_OBJC_IMPLICIT_RETAIN_SELF = YES;
				CLANG_WARN_OBJC_LITERAL_CONVERSION = YES;
				CLANG_WARN_OBJC_ROOT_CLASS = YES_ERROR;
				CLANG_WARN_QUOTED_INCLUDE_IN_FRAMEWORK_HEADER = YES;
				CLANG_WARN_RANGE_LOOP_ANALYSIS = YES;
				CLANG_WARN_STRICT_PROTOTYPES = YES;
				CLANG_WARN_SUSPICIOUS_MOVE = YES;
				CLANG_WARN_UNGUARDED_AVAILABILITY = YES_AGGRESSIVE;
				CLANG_WARN_UNREACHABLE_CODE = YES;
				CLANG_WARN__DUPLICATE_METHOD_MATCH = YES;
				COPY_PHASE_STRIP = NO;
				DEBUG_INFORMATION_FORMAT = dwarf;
				ENABLE_STRICT_OBJC_MSGSEND = YES;
				ENABLE_TESTABILITY = YES;
				GCC_C_LANGUAGE_STANDARD = gnu11;
				GCC_DYNAMIC_NO_PIC = NO;
				GCC_NO_COMMON_BLOCKS = YES;
				GCC_OPTIMIZATION_LEVEL = 0;
				GCC_PREPROCESSOR_DEFINITIONS = (
					"DEBUG=1",
					"$(inherited)",
				);
				GCC_WARN_64_TO_32_BIT_CONVERSION = YES;
				GCC_WARN_ABOUT_RETURN_TYPE = YES_ERROR;
				GCC_WARN_UNDECLARED_SELECTOR = YES;
				GCC_WARN_UNINITIALIZED_AUTOS = YES_AGGRESSIVE;
				GCC_WARN_UNUSED_FUNCTION = YES;
				GCC_WARN_UNUSED_VARIABLE = YES;
				IPHONEOS_DEPLOYMENT_TARGET = 15.0;
				MTL_ENABLE_DEBUG_INFO = INCLUDE_SOURCE;
				MTL_FAST_MATH = YES;
				ONLY_ACTIVE_ARCH = YES;
				SDKROOT = iphoneos;
				SWIFT_ACTIVE_COMPILATION_CONDITIONS = DEBUG;
				SWIFT_OPTIMIZATION_LEVEL = "-Onone";
			};
			name = Debug;
		};
		DA4D2D2727422FE500678FA8 /* Release */ = {
			isa = XCBuildConfiguration;
			buildSettings = {
				ALWAYS_SEARCH_USER_PATHS = NO;
				CLANG_ANALYZER_NONNULL = YES;
				CLANG_ANALYZER_NUMBER_OBJECT_CONVERSION = YES_AGGRESSIVE;
				CLANG_CXX_LANGUAGE_STANDARD = "gnu++17";
				CLANG_CXX_LIBRARY = "libc++";
				CLANG_ENABLE_MODULES = YES;
				CLANG_ENABLE_OBJC_ARC = YES;
				CLANG_ENABLE_OBJC_WEAK = YES;
				CLANG_WARN_BLOCK_CAPTURE_AUTORELEASING = YES;
				CLANG_WARN_BOOL_CONVERSION = YES;
				CLANG_WARN_COMMA = YES;
				CLANG_WARN_CONSTANT_CONVERSION = YES;
				CLANG_WARN_DEPRECATED_OBJC_IMPLEMENTATIONS = YES;
				CLANG_WARN_DIRECT_OBJC_ISA_USAGE = YES_ERROR;
				CLANG_WARN_DOCUMENTATION_COMMENTS = YES;
				CLANG_WARN_EMPTY_BODY = YES;
				CLANG_WARN_ENUM_CONVERSION = YES;
				CLANG_WARN_INFINITE_RECURSION = YES;
				CLANG_WARN_INT_CONVERSION = YES;
				CLANG_WARN_NON_LITERAL_NULL_CONVERSION = YES;
				CLANG_WARN_OBJC_IMPLICIT_RETAIN_SELF = YES;
				CLANG_WARN_OBJC_LITERAL_CONVERSION = YES;
				CLANG_WARN_OBJC_ROOT_CLASS = YES_ERROR;
				CLANG_WARN_QUOTED_INCLUDE_IN_FRAMEWORK_HEADER = YES;
				CLANG_WARN_RANGE_LOOP_ANALYSIS = YES;
				CLANG_WARN_STRICT_PROTOTYPES = YES;
				CLANG_WARN_SUSPICIOUS_MOVE = YES;
				CLANG_WARN_UNGUARDED_AVAILABILITY = YES_AGGRESSIVE;
				CLANG_WARN_UNREACHABLE_CODE = YES;
				CLANG_WARN__DUPLICATE_METHOD_MATCH = YES;
				COPY_PHASE_STRIP = NO;
				DEBUG_INFORMATION_FORMAT = "dwarf-with-dsym";
				ENABLE_NS_ASSERTIONS = NO;
				ENABLE_STRICT_OBJC_MSGSEND = YES;
				GCC_C_LANGUAGE_STANDARD = gnu11;
				GCC_NO_COMMON_BLOCKS = YES;
				GCC_WARN_64_TO_32_BIT_CONVERSION = YES;
				GCC_WARN_ABOUT_RETURN_TYPE = YES_ERROR;
				GCC_WARN_UNDECLARED_SELECTOR = YES;
				GCC_WARN_UNINITIALIZED_AUTOS = YES_AGGRESSIVE;
				GCC_WARN_UNUSED_FUNCTION = YES;
				GCC_WARN_UNUSED_VARIABLE = YES;
				IPHONEOS_DEPLOYMENT_TARGET = 15.0;
				MTL_ENABLE_DEBUG_INFO = NO;
				MTL_FAST_MATH = YES;
				SDKROOT = iphoneos;
				SWIFT_COMPILATION_MODE = wholemodule;
				SWIFT_OPTIMIZATION_LEVEL = "-O";
				VALIDATE_PRODUCT = YES;
			};
			name = Release;
		};
		DA4D2D2927422FE500678FA8 /* Debug */ = {
			isa = XCBuildConfiguration;
			baseConfigurationReference = 8266E739250669536F01CDAC /* Pods-DormitoryDelivery.debug.xcconfig */;
			buildSettings = {
				ASSETCATALOG_COMPILER_APPICON_NAME = AppIcon;
				ASSETCATALOG_COMPILER_GLOBAL_ACCENT_COLOR_NAME = AccentColor;
				ASSETCATALOG_COMPILER_INCLUDE_ALL_APPICON_ASSETS = NO;
				CODE_SIGN_STYLE = Automatic;
				CURRENT_PROJECT_VERSION = 1;
				DEVELOPMENT_ASSET_PATHS = "\"DormitoryDelivery/Preview Content\"";
				DEVELOPMENT_TEAM = P6Z9B6CV2H;
				ENABLE_PREVIEWS = YES;
				GENERATE_INFOPLIST_FILE = NO;
				INFOPLIST_FILE = /Users/cho/Documents/DormitoryDelivery/info.plist;
				INFOPLIST_KEY_UIApplicationSceneManifest_Generation = YES;
				INFOPLIST_KEY_UIApplicationSupportsIndirectInputEvents = YES;
				INFOPLIST_KEY_UILaunchScreen_Generation = YES;
				INFOPLIST_KEY_UILaunchStoryboardName = "Launch Screen";
				INFOPLIST_KEY_UISupportedInterfaceOrientations_iPad = "UIInterfaceOrientationPortrait UIInterfaceOrientationPortraitUpsideDown UIInterfaceOrientationLandscapeLeft UIInterfaceOrientationLandscapeRight";
				INFOPLIST_KEY_UISupportedInterfaceOrientations_iPhone = "UIInterfaceOrientationPortrait UIInterfaceOrientationLandscapeLeft UIInterfaceOrientationLandscapeRight";
				LD_RUNPATH_SEARCH_PATHS = (
					"$(inherited)",
					"@executable_path/Frameworks",
				);
				MARKETING_VERSION = 1.0;
				PRODUCT_BUNDLE_IDENTIFIER = cho.DormitoryDelivery;
				PRODUCT_NAME = "$(TARGET_NAME)";
				SWIFT_EMIT_LOC_STRINGS = YES;
				SWIFT_VERSION = 5.0;
				TARGETED_DEVICE_FAMILY = "1,2";
			};
			name = Debug;
		};
		DA4D2D2A27422FE500678FA8 /* Release */ = {
			isa = XCBuildConfiguration;
			baseConfigurationReference = 736BA1325AD7A59AFCD0C77A /* Pods-DormitoryDelivery.release.xcconfig */;
			buildSettings = {
				ASSETCATALOG_COMPILER_APPICON_NAME = AppIcon;
				ASSETCATALOG_COMPILER_GLOBAL_ACCENT_COLOR_NAME = AccentColor;
				ASSETCATALOG_COMPILER_INCLUDE_ALL_APPICON_ASSETS = NO;
				CODE_SIGN_STYLE = Automatic;
				CURRENT_PROJECT_VERSION = 1;
				DEVELOPMENT_ASSET_PATHS = "\"DormitoryDelivery/Preview Content\"";
				DEVELOPMENT_TEAM = P6Z9B6CV2H;
				ENABLE_PREVIEWS = YES;
				GENERATE_INFOPLIST_FILE = NO;
				INFOPLIST_FILE = /Users/cho/Documents/DormitoryDelivery/info.plist;
				INFOPLIST_KEY_UIApplicationSceneManifest_Generation = YES;
				INFOPLIST_KEY_UIApplicationSupportsIndirectInputEvents = YES;
				INFOPLIST_KEY_UILaunchScreen_Generation = YES;
				INFOPLIST_KEY_UILaunchStoryboardName = "Launch Screen";
				INFOPLIST_KEY_UISupportedInterfaceOrientations_iPad = "UIInterfaceOrientationPortrait UIInterfaceOrientationPortraitUpsideDown UIInterfaceOrientationLandscapeLeft UIInterfaceOrientationLandscapeRight";
				INFOPLIST_KEY_UISupportedInterfaceOrientations_iPhone = "UIInterfaceOrientationPortrait UIInterfaceOrientationLandscapeLeft UIInterfaceOrientationLandscapeRight";
				LD_RUNPATH_SEARCH_PATHS = (
					"$(inherited)",
					"@executable_path/Frameworks",
				);
				MARKETING_VERSION = 1.0;
				PRODUCT_BUNDLE_IDENTIFIER = cho.DormitoryDelivery;
				PRODUCT_NAME = "$(TARGET_NAME)";
				SWIFT_EMIT_LOC_STRINGS = YES;
				SWIFT_VERSION = 5.0;
				TARGETED_DEVICE_FAMILY = "1,2";
			};
			name = Release;
		};
/* End XCBuildConfiguration section */

/* Begin XCConfigurationList section */
		DA4D2D1527422FE300678FA8 /* Build configuration list for PBXProject "DormitoryDelivery" */ = {
			isa = XCConfigurationList;
			buildConfigurations = (
				DA4D2D2627422FE500678FA8 /* Debug */,
				DA4D2D2727422FE500678FA8 /* Release */,
			);
			defaultConfigurationIsVisible = 0;
			defaultConfigurationName = Release;
		};
		DA4D2D2827422FE500678FA8 /* Build configuration list for PBXNativeTarget "DormitoryDelivery" */ = {
			isa = XCConfigurationList;
			buildConfigurations = (
				DA4D2D2927422FE500678FA8 /* Debug */,
				DA4D2D2A27422FE500678FA8 /* Release */,
			);
			defaultConfigurationIsVisible = 0;
			defaultConfigurationName = Release;
		};
/* End XCConfigurationList section */
	};
	rootObject = DA4D2D1227422FE300678FA8 /* Project object */;
}
